{
  "object": {
    "pins": [
      {
        "package": "Alamofire",
        "repositoryURL": "https://github.com/Alamofire/Alamofire.git",
        "state": {
          "branch": "master",
          "revision": "6afd00ef8bf800edd14cc141e0677045b5d02a67",
          "version": null
        }
      },
      {
        "package": "AlamofireImage",
        "repositoryURL": "https://github.com/Alamofire/AlamofireImage",
        "state": {
          "branch": "master",
          "revision": "8e635e6151212f8871a321bbdd980af7c31af73b",
          "version": null
        }
      },
      {
        "package": "OAuthSwift",
        "repositoryURL": "https://github.com/OAuthSwift/OAuthSwift.git",
        "state": {
          "branch": "master",
          "revision": "e63546d7b8e2f1276cac7a5aa591373695485d65",
          "version": null
        }
      }
    ]
  },
  "version": 1
}
