// !$*UTF8*$!
{
	archiveVersion = 1;
	classes = {
	};
	objectVersion = 46;
	objects = {

/* Begin PBXBuildFile section */
		477E91F31CA1683700C9E6C9 /* UIKit.framework in Frameworks */ = {isa = PBXBuildFile; fileRef = 477E91F21CA1683700C9E6C9 /* UIKit.framework */; };
		47EBC1721C9FF6EA001D6457 /* AppDelegate.swift in Sources */ = {isa = PBXBuildFile; fileRef = 47EBC1711C9FF6EA001D6457 /* AppDelegate.swift */; };
		47EBC1791C9FF6EA001D6457 /* Main.storyboard in Resources */ = {isa = PBXBuildFile; fileRef = 47EBC1771C9FF6EA001D6457 /* Main.storyboard */; };
		47EBC17B1C9FF6EA001D6457 /* Assets.xcassets in Resources */ = {isa = PBXBuildFile; fileRef = 47EBC17A1C9FF6EA001D6457 /* Assets.xcassets */; };
		47EBC17E1C9FF6EA001D6457 /* LaunchScreen.storyboard in Resources */ = {isa = PBXBuildFile; fileRef = 47EBC17C1C9FF6EA001D6457 /* LaunchScreen.storyboard */; };
		47EBC1861C9FF827001D6457 /* NavViewController.swift in Sources */ = {isa = PBXBuildFile; fileRef = 47EBC1851C9FF827001D6457 /* NavViewController.swift */; };
		47EBC1881C9FF83A001D6457 /* LoginViewController.swift in Sources */ = {isa = PBXBuildFile; fileRef = 47EBC1871C9FF83A001D6457 /* LoginViewController.swift */; };
		47EBC18E1C9FFC27001D6457 /* MBProgressHUD.m in Sources */ = {isa = PBXBuildFile; fileRef = 47EBC18D1C9FFC27001D6457 /* MBProgressHUD.m */; settings = {COMPILER_FLAGS = "-fno-objc-arc"; }; };
		47EBC1911C9FFC42001D6457 /* HTMLEntityDecode.m in Sources */ = {isa = PBXBuildFile; fileRef = 47EBC1901C9FFC42001D6457 /* HTMLEntityDecode.m */; };
		47EBC1941CA0004C001D6457 /* BGMAPI.swift in Sources */ = {isa = PBXBuildFile; fileRef = 47EBC1931CA0004C001D6457 /* BGMAPI.swift */; };
		47EBC1961CA00076001D6457 /* Foundation.framework in Frameworks */ = {isa = PBXBuildFile; fileRef = 47EBC1951CA00076001D6457 /* Foundation.framework */; };
/* End PBXBuildFile section */

/* Begin PBXFileReference section */
		477E91F21CA1683700C9E6C9 /* UIKit.framework */ = {isa = PBXFileReference; lastKnownFileType = wrapper.framework; name = UIKit.framework; path = System/Library/Frameworks/UIKit.framework; sourceTree = SDKROOT; };
		47EBC16E1C9FF6EA001D6457 /* bangumi2.app */ = {isa = PBXFileReference; explicitFileType = wrapper.application; includeInIndex = 0; path = bangumi2.app; sourceTree = BUILT_PRODUCTS_DIR; };
		47EBC1711C9FF6EA001D6457 /* AppDelegate.swift */ = {isa = PBXFileReference; lastKnownFileType = sourcecode.swift; path = AppDelegate.swift; sourceTree = "<group>"; };
		47EBC1781C9FF6EA001D6457 /* Base */ = {isa = PBXFileReference; lastKnownFileType = file.storyboard; name = Base; path = Base.lproj/Main.storyboard; sourceTree = "<group>"; };
		47EBC17A1C9FF6EA001D6457 /* Assets.xcassets */ = {isa = PBXFileReference; lastKnownFileType = folder.assetcatalog; path = Assets.xcassets; sourceTree = "<group>"; };
		47EBC17D1C9FF6EA001D6457 /* Base */ = {isa = PBXFileReference; lastKnownFileType = file.storyboard; name = Base; path = Base.lproj/LaunchScreen.storyboard; sourceTree = "<group>"; };
		47EBC17F1C9FF6EA001D6457 /* Info.plist */ = {isa = PBXFileReference; lastKnownFileType = text.plist.xml; path = Info.plist; sourceTree = "<group>"; };
		47EBC1851C9FF827001D6457 /* NavViewController.swift */ = {isa = PBXFileReference; fileEncoding = 4; lastKnownFileType = sourcecode.swift; path = NavViewController.swift; sourceTree = "<group>"; };
		47EBC1871C9FF83A001D6457 /* LoginViewController.swift */ = {isa = PBXFileReference; fileEncoding = 4; lastKnownFileType = sourcecode.swift; path = LoginViewController.swift; sourceTree = "<group>"; };
		47EBC1891C9FFBD4001D6457 /* PrefixHeader.pch */ = {isa = PBXFileReference; fileEncoding = 4; lastKnownFileType = sourcecode.c.h; path = PrefixHeader.pch; sourceTree = "<group>"; };
		47EBC18B1C9FFC27001D6457 /* bangumi2-Bridging-Header.h */ = {isa = PBXFileReference; lastKnownFileType = sourcecode.c.h; path = "bangumi2-Bridging-Header.h"; sourceTree = "<group>"; };
		47EBC18C1C9FFC27001D6457 /* MBProgressHUD.h */ = {isa = PBXFileReference; fileEncoding = 4; lastKnownFileType = sourcecode.c.h; path = MBProgressHUD.h; sourceTree = "<group>"; };
		47EBC18D1C9FFC27001D6457 /* MBProgressHUD.m */ = {isa = PBXFileReference; fileEncoding = 4; lastKnownFileType = sourcecode.c.objc; path = MBProgressHUD.m; sourceTree = "<group>"; };
		47EBC18F1C9FFC42001D6457 /* HTMLEntityDecode.h */ = {isa = PBXFileReference; fileEncoding = 4; lastKnownFileType = sourcecode.c.h; path = HTMLEntityDecode.h; sourceTree = "<group>"; };
		47EBC1901C9FFC42001D6457 /* HTMLEntityDecode.m */ = {isa = PBXFileReference; fileEncoding = 4; lastKnownFileType = sourcecode.c.objc; path = HTMLEntityDecode.m; sourceTree = "<group>"; };
		47EBC1921C9FFD11001D6457 /* API.h */ = {isa = PBXFileReference; fileEncoding = 4; lastKnownFileType = sourcecode.c.h; path = API.h; sourceTree = "<group>"; };
		47EBC1931CA0004C001D6457 /* BGMAPI.swift */ = {isa = PBXFileReference; fileEncoding = 4; lastKnownFileType = sourcecode.swift; path = BGMAPI.swift; sourceTree = "<group>"; };
		47EBC1951CA00076001D6457 /* Foundation.framework */ = {isa = PBXFileReference; lastKnownFileType = wrapper.framework; name = Foundation.framework; path = System/Library/Frameworks/Foundation.framework; sourceTree = SDKROOT; };
/* End PBXFileReference section */

/* Begin PBXFrameworksBuildPhase section */
		47EBC16B1C9FF6EA001D6457 /* Frameworks */ = {
			isa = PBXFrameworksBuildPhase;
			buildActionMask = 2147483647;
			files = (
				477E91F31CA1683700C9E6C9 /* UIKit.framework in Frameworks */,
				47EBC1961CA00076001D6457 /* Foundation.framework in Frameworks */,
			);
			runOnlyForDeploymentPostprocessing = 0;
		};
/* End PBXFrameworksBuildPhase section */

/* Begin PBXGroup section */
		47EBC1651C9FF6EA001D6457 = {
			isa = PBXGroup;
			children = (
				477E91F21CA1683700C9E6C9 /* UIKit.framework */,
				47EBC1951CA00076001D6457 /* Foundation.framework */,
				47EBC1701C9FF6EA001D6457 /* bangumi2 */,
				47EBC16F1C9FF6EA001D6457 /* Products */,
			);
			sourceTree = "<group>";
		};
		47EBC16F1C9FF6EA001D6457 /* Products */ = {
			isa = PBXGroup;
			children = (
				47EBC16E1C9FF6EA001D6457 /* bangumi2.app */,
			);
			name = Products;
			sourceTree = "<group>";
		};
		47EBC1701C9FF6EA001D6457 /* bangumi2 */ = {
			isa = PBXGroup;
			children = (
				47EBC1921C9FFD11001D6457 /* API.h */,
				47EBC1931CA0004C001D6457 /* BGMAPI.swift */,
				47EBC1711C9FF6EA001D6457 /* AppDelegate.swift */,
				47EBC1851C9FF827001D6457 /* NavViewController.swift */,
				47EBC1871C9FF83A001D6457 /* LoginViewController.swift */,
				47EBC1771C9FF6EA001D6457 /* Main.storyboard */,
				47EBC17A1C9FF6EA001D6457 /* Assets.xcassets */,
				47EBC17C1C9FF6EA001D6457 /* LaunchScreen.storyboard */,
				47EBC17F1C9FF6EA001D6457 /* Info.plist */,
				47EBC1891C9FFBD4001D6457 /* PrefixHeader.pch */,
				47EBC18A1C9FFC06001D6457 /* Others */,
			);
			path = bangumi2;
			sourceTree = "<group>";
		};
		47EBC18A1C9FFC06001D6457 /* Others */ = {
			isa = PBXGroup;
			children = (
				47EBC18B1C9FFC27001D6457 /* bangumi2-Bridging-Header.h */,
				47EBC18C1C9FFC27001D6457 /* MBProgressHUD.h */,
				47EBC18D1C9FFC27001D6457 /* MBProgressHUD.m */,
				47EBC18F1C9FFC42001D6457 /* HTMLEntityDecode.h */,
				47EBC1901C9FFC42001D6457 /* HTMLEntityDecode.m */,
			);
			name = Others;
			sourceTree = "<group>";
		};
/* End PBXGroup section */

/* Begin PBXNativeTarget section */
		47EBC16D1C9FF6EA001D6457 /* bangumi2 */ = {
			isa = PBXNativeTarget;
			buildConfigurationList = 47EBC1821C9FF6EA001D6457 /* Build configuration list for PBXNativeTarget "bangumi2" */;
			buildPhases = (
				47EBC16A1C9FF6EA001D6457 /* Sources */,
				47EBC16B1C9FF6EA001D6457 /* Frameworks */,
				47EBC16C1C9FF6EA001D6457 /* Resources */,
			);
			buildRules = (
			);
			dependencies = (
			);
			name = bangumi2;
			productName = bangumi2;
			productReference = 47EBC16E1C9FF6EA001D6457 /* bangumi2.app */;
			productType = "com.apple.product-type.application";
		};
/* End PBXNativeTarget section */

/* Begin PBXProject section */
		47EBC1661C9FF6EA001D6457 /* Project object */ = {
			isa = PBXProject;
			attributes = {
				LastSwiftUpdateCheck = 0720;
				LastUpgradeCheck = 0720;
				ORGANIZATIONNAME = "HT&L";
				TargetAttributes = {
					47EBC16D1C9FF6EA001D6457 = {
						CreatedOnToolsVersion = 7.2.1;
					};
				};
			};
			buildConfigurationList = 47EBC1691C9FF6EA001D6457 /* Build configuration list for PBXProject "bangumi2" */;
			compatibilityVersion = "Xcode 3.2";
			developmentRegion = English;
			hasScannedForEncodings = 0;
			knownRegions = (
				en,
				Base,
			);
			mainGroup = 47EBC1651C9FF6EA001D6457;
			productRefGroup = 47EBC16F1C9FF6EA001D6457 /* Products */;
			projectDirPath = "";
			projectRoot = "";
			targets = (
				47EBC16D1C9FF6EA001D6457 /* bangumi2 */,
			);
		};
/* End PBXProject section */

/* Begin PBXResourcesBuildPhase section */
		47EBC16C1C9FF6EA001D6457 /* Resources */ = {
			isa = PBXResourcesBuildPhase;
			buildActionMask = 2147483647;
			files = (
				47EBC17E1C9FF6EA001D6457 /* LaunchScreen.storyboard in Resources */,
				47EBC17B1C9FF6EA001D6457 /* Assets.xcassets in Resources */,
				47EBC1791C9FF6EA001D6457 /* Main.storyboard in Resources */,
			);
			runOnlyForDeploymentPostprocessing = 0;
		};
/* End PBXResourcesBuildPhase section */

/* Begin PBXSourcesBuildPhase section */
		47EBC16A1C9FF6EA001D6457 /* Sources */ = {
			isa = PBXSourcesBuildPhase;
			buildActionMask = 2147483647;
			files = (
				47EBC1881C9FF83A001D6457 /* LoginViewController.swift in Sources */,
				47EBC1861C9FF827001D6457 /* NavViewController.swift in Sources */,
				47EBC1721C9FF6EA001D6457 /* AppDelegate.swift in Sources */,
				47EBC1941CA0004C001D6457 /* BGMAPI.swift in Sources */,
				47EBC18E1C9FFC27001D6457 /* MBProgressHUD.m in Sources */,
				47EBC1911C9FFC42001D6457 /* HTMLEntityDecode.m in Sources */,
			);
			runOnlyForDeploymentPostprocessing = 0;
		};
/* End PBXSourcesBuildPhase section */

/* Begin PBXVariantGroup section */
		47EBC1771C9FF6EA001D6457 /* Main.storyboard */ = {
			isa = PBXVariantGroup;
			children = (
				47EBC1781C9FF6EA001D6457 /* Base */,
			);
			name = Main.storyboard;
			sourceTree = "<group>";
		};
		47EBC17C1C9FF6EA001D6457 /* LaunchScreen.storyboard */ = {
			isa = PBXVariantGroup;
			children = (
				47EBC17D1C9FF6EA001D6457 /* Base */,
			);
			name = LaunchScreen.storyboard;
			sourceTree = "<group>";
		};
/* End PBXVariantGroup section */

/* Begin XCBuildConfiguration section */
		47EBC1801C9FF6EA001D6457 /* Debug */ = {
			isa = XCBuildConfiguration;
			buildSettings = {
				ALWAYS_SEARCH_USER_PATHS = NO;
				CLANG_CXX_LANGUAGE_STANDARD = "gnu++0x";
				CLANG_CXX_LIBRARY = "libc++";
				CLANG_ENABLE_MODULES = YES;
				CLANG_ENABLE_OBJC_ARC = YES;
				CLANG_WARN_BOOL_CONVERSION = YES;
				CLANG_WARN_CONSTANT_CONVERSION = YES;
				CLANG_WARN_DIRECT_OBJC_ISA_USAGE = YES_ERROR;
				CLANG_WARN_EMPTY_BODY = YES;
				CLANG_WARN_ENUM_CONVERSION = YES;
				CLANG_WARN_INT_CONVERSION = YES;
				CLANG_WARN_OBJC_ROOT_CLASS = YES_ERROR;
				CLANG_WARN_UNREACHABLE_CODE = YES;
				CLANG_WARN__DUPLICATE_METHOD_MATCH = YES;
				"CODE_SIGN_IDENTITY[sdk=iphoneos*]" = "iPhone Developer";
				COPY_PHASE_STRIP = NO;
				DEBUG_INFORMATION_FORMAT = dwarf;
				ENABLE_STRICT_OBJC_MSGSEND = YES;
				ENABLE_TESTABILITY = YES;
				GCC_C_LANGUAGE_STANDARD = gnu99;
				GCC_DYNAMIC_NO_PIC = NO;
				GCC_NO_COMMON_BLOCKS = YES;
				GCC_OPTIMIZATION_LEVEL = 0;
				GCC_PREPROCESSOR_DEFINITIONS = (
					"DEBUG=1",
					"$(inherited)",
				);
				GCC_WARN_64_TO_32_BIT_CONVERSION = YES;
				GCC_WARN_ABOUT_RETURN_TYPE = YES_ERROR;
				GCC_WARN_UNDECLARED_SELECTOR = YES;
				GCC_WARN_UNINITIALIZED_AUTOS = YES_AGGRESSIVE;
				GCC_WARN_UNUSED_FUNCTION = YES;
				GCC_WARN_UNUSED_VARIABLE = YES;
				IPHONEOS_DEPLOYMENT_TARGET = 9.2;
				MTL_ENABLE_DEBUG_INFO = YES;
				ONLY_ACTIVE_ARCH = YES;
				SDKROOT = iphoneos;
				SWIFT_OPTIMIZATION_LEVEL = "-Onone";
				TARGETED_DEVICE_FAMILY = "1,2";
			};
			name = Debug;
		};
		47EBC1811C9FF6EA001D6457 /* Release */ = {
			isa = XCBuildConfiguration;
			buildSettings = {
				ALWAYS_SEARCH_USER_PATHS = NO;
				CLANG_CXX_LANGUAGE_STANDARD = "gnu++0x";
				CLANG_CXX_LIBRARY = "libc++";
				CLANG_ENABLE_MODULES = YES;
				CLANG_ENABLE_OBJC_ARC = YES;
				CLANG_WARN_BOOL_CONVERSION = YES;
				CLANG_WARN_CONSTANT_CONVERSION = YES;
				CLANG_WARN_DIRECT_OBJC_ISA_USAGE = YES_ERROR;
				CLANG_WARN_EMPTY_BODY = YES;
				CLANG_WARN_ENUM_CONVERSION = YES;
				CLANG_WARN_INT_CONVERSION = YES;
				CLANG_WARN_OBJC_ROOT_CLASS = YES_ERROR;
				CLANG_WARN_UNREACHABLE_CODE = YES;
				CLANG_WARN__DUPLICATE_METHOD_MATCH = YES;
				"CODE_SIGN_IDENTITY[sdk=iphoneos*]" = "iPhone Developer";
				COPY_PHASE_STRIP = NO;
				DEBUG_INFORMATION_FORMAT = "dwarf-with-dsym";
				ENABLE_NS_ASSERTIONS = NO;
				ENABLE_STRICT_OBJC_MSGSEND = YES;
				GCC_C_LANGUAGE_STANDARD = gnu99;
				GCC_NO_COMMON_BLOCKS = YES;
				GCC_WARN_64_TO_32_BIT_CONVERSION = YES;
				GCC_WARN_ABOUT_RETURN_TYPE = YES_ERROR;
				GCC_WARN_UNDECLARED_SELECTOR = YES;
				GCC_WARN_UNINITIALIZED_AUTOS = YES_AGGRESSIVE;
				GCC_WARN_UNUSED_FUNCTION = YES;
				GCC_WARN_UNUSED_VARIABLE = YES;
				IPHONEOS_DEPLOYMENT_TARGET = 9.2;
				MTL_ENABLE_DEBUG_INFO = NO;
				SDKROOT = iphoneos;
				TARGETED_DEVICE_FAMILY = "1,2";
				VALIDATE_PRODUCT = YES;
			};
			name = Release;
		};
		47EBC1831C9FF6EA001D6457 /* Debug */ = {
			isa = XCBuildConfiguration;
			buildSettings = {
				ASSETCATALOG_COMPILER_APPICON_NAME = AppIcon;
				CLANG_ENABLE_MODULES = YES;
				INFOPLIST_FILE = bangumi2/Info.plist;
				LD_RUNPATH_SEARCH_PATHS = "$(inherited) @executable_path/Frameworks";
				PRODUCT_BUNDLE_IDENTIFIER = com.HTandL.bangumi2;
				PRODUCT_NAME = "$(TARGET_NAME)";
				SWIFT_OBJC_BRIDGING_HEADER = "bangumi2/bangumi2-Bridging-Header.h";
				SWIFT_OPTIMIZATION_LEVEL = "-Onone";
			};
			name = Debug;
		};
		47EBC1841C9FF6EA001D6457 /* Release */ = {
			isa = XCBuildConfiguration;
			buildSettings = {
				ASSETCATALOG_COMPILER_APPICON_NAME = AppIcon;
				CLANG_ENABLE_MODULES = YES;
				INFOPLIST_FILE = bangumi2/Info.plist;
				LD_RUNPATH_SEARCH_PATHS = "$(inherited) @executable_path/Frameworks";
				PRODUCT_BUNDLE_IDENTIFIER = com.HTandL.bangumi2;
				PRODUCT_NAME = "$(TARGET_NAME)";
				SWIFT_OBJC_BRIDGING_HEADER = "bangumi2/bangumi2-Bridging-Header.h";
			};
			name = Release;
		};
/* End XCBuildConfiguration section */

/* Begin XCConfigurationList section */
		47EBC1691C9FF6EA001D6457 /* Build configuration list for PBXProject "bangumi2" */ = {
			isa = XCConfigurationList;
			buildConfigurations = (
				47EBC1801C9FF6EA001D6457 /* Debug */,
				47EBC1811C9FF6EA001D6457 /* Release */,
			);
			defaultConfigurationIsVisible = 0;
			defaultConfigurationName = Release;
		};
		47EBC1821C9FF6EA001D6457 /* Build configuration list for PBXNativeTarget "bangumi2" */ = {
			isa = XCConfigurationList;
			buildConfigurations = (
				47EBC1831C9FF6EA001D6457 /* Debug */,
				47EBC1841C9FF6EA001D6457 /* Release */,
			);
			defaultConfigurationIsVisible = 0;
			defaultConfigurationName = Release;
		};
/* End XCConfigurationList section */
	};
	rootObject = 47EBC1661C9FF6EA001D6457 /* Project object */;
}
