// !$*UTF8*$!
{
	archiveVersion = 1;
	classes = {
	};
	objectVersion = 50;
	objects = {

/* Begin PBXBuildFile section */
		47756E232206B89000B51037 /* AppDelegate.swift in Sources */ = {isa = PBXBuildFile; fileRef = 47756E222206B89000B51037 /* AppDelegate.swift */; };
		47756E2A2206B89000B51037 /* Main.storyboard in Resources */ = {isa = PBXBuildFile; fileRef = 47756E282206B89000B51037 /* Main.storyboard */; };
		47756E2C2206B89200B51037 /* Assets.xcassets in Resources */ = {isa = PBXBuildFile; fileRef = 47756E2B2206B89200B51037 /* Assets.xcassets */; };
		47756E2F2206B89200B51037 /* LaunchScreen.storyboard in Resources */ = {isa = PBXBuildFile; fileRef = 47756E2D2206B89200B51037 /* LaunchScreen.storyboard */; };
		47756E3A2206B89200B51037 /* bangumiSwiftTests.swift in Sources */ = {isa = PBXBuildFile; fileRef = 47756E392206B89200B51037 /* bangumiSwiftTests.swift */; };
		47756E452206B89200B51037 /* bangumiSwiftUITests.swift in Sources */ = {isa = PBXBuildFile; fileRef = 47756E442206B89200B51037 /* bangumiSwiftUITests.swift */; };
		47756E532206C05A00B51037 /* API.swift in Sources */ = {isa = PBXBuildFile; fileRef = 47756E522206C05A00B51037 /* API.swift */; };
		47756E552206C35200B51037 /* BangumiServices.swift in Sources */ = {isa = PBXBuildFile; fileRef = 47756E542206C35200B51037 /* BangumiServices.swift */; };
		7A172C98361E83355582B2C2 /* Pods_bangumiSwiftUITests.framework in Frameworks */ = {isa = PBXBuildFile; fileRef = DAB37F82B106293D7ECC41F2 /* Pods_bangumiSwiftUITests.framework */; };
		8603CF5A22094B80006A1913 /* SplitViewController.swift in Sources */ = {isa = PBXBuildFile; fileRef = 8603CF5922094B80006A1913 /* SplitViewController.swift */; };
		8603CF5E22094C9A006A1913 /* TabbarViewController.swift in Sources */ = {isa = PBXBuildFile; fileRef = 8603CF5D22094C9A006A1913 /* TabbarViewController.swift */; };
		8603CF6022094D40006A1913 /* WatchingListViewController.swift in Sources */ = {isa = PBXBuildFile; fileRef = 8603CF5F22094D40006A1913 /* WatchingListViewController.swift */; };
		8603CF6222094D5D006A1913 /* DaliyListViewController.swift in Sources */ = {isa = PBXBuildFile; fileRef = 8603CF6122094D5D006A1913 /* DaliyListViewController.swift */; };
		8603CF6422094D90006A1913 /* SearchViewController.swift in Sources */ = {isa = PBXBuildFile; fileRef = 8603CF6322094D90006A1913 /* SearchViewController.swift */; };
		8603CF6622094DA8006A1913 /* SettingsViewController.swift in Sources */ = {isa = PBXBuildFile; fileRef = 8603CF6522094DA8006A1913 /* SettingsViewController.swift */; };
		8603CF6822094DC4006A1913 /* ProgressListViewController.swift in Sources */ = {isa = PBXBuildFile; fileRef = 8603CF6722094DC4006A1913 /* ProgressListViewController.swift */; };
		8603CF6A22094DE5006A1913 /* BGMDetailViewController.swift in Sources */ = {isa = PBXBuildFile; fileRef = 8603CF6922094DE5006A1913 /* BGMDetailViewController.swift */; };
		8603CF6C22094E03006A1913 /* LoginViewController.swift in Sources */ = {isa = PBXBuildFile; fileRef = 8603CF6B22094E03006A1913 /* LoginViewController.swift */; };
		D2EE87B1ECDF96EEC3394590 /* Pods_bangumiSwiftTests.framework in Frameworks */ = {isa = PBXBuildFile; fileRef = 6949EFAD286FFA422D5E7985 /* Pods_bangumiSwiftTests.framework */; };
		DF16AD056AFBCC16A610EE9C /* Pods_bangumiSwift.framework in Frameworks */ = {isa = PBXBuildFile; fileRef = FF971CA3243016615056BF60 /* Pods_bangumiSwift.framework */; };
/* End PBXBuildFile section */

/* Begin PBXContainerItemProxy section */
		47756E362206B89200B51037 /* PBXContainerItemProxy */ = {
			isa = PBXContainerItemProxy;
			containerPortal = 47756E172206B88F00B51037 /* Project object */;
			proxyType = 1;
			remoteGlobalIDString = 47756E1E2206B89000B51037;
			remoteInfo = bangumiSwift;
		};
		47756E412206B89200B51037 /* PBXContainerItemProxy */ = {
			isa = PBXContainerItemProxy;
			containerPortal = 47756E172206B88F00B51037 /* Project object */;
			proxyType = 1;
			remoteGlobalIDString = 47756E1E2206B89000B51037;
			remoteInfo = bangumiSwift;
		};
/* End PBXContainerItemProxy section */

/* Begin PBXFileReference section */
		1890EB6EE948CDA93AB81E29 /* Pods-bangumiSwift.debug.xcconfig */ = {isa = PBXFileReference; includeInIndex = 1; lastKnownFileType = text.xcconfig; name = "Pods-bangumiSwift.debug.xcconfig"; path = "Pods/Target Support Files/Pods-bangumiSwift/Pods-bangumiSwift.debug.xcconfig"; sourceTree = "<group>"; };
		1DC988A6699E0258CE9D5B6D /* Pods-bangumiSwiftUITests.release.xcconfig */ = {isa = PBXFileReference; includeInIndex = 1; lastKnownFileType = text.xcconfig; name = "Pods-bangumiSwiftUITests.release.xcconfig"; path = "Pods/Target Support Files/Pods-bangumiSwiftUITests/Pods-bangumiSwiftUITests.release.xcconfig"; sourceTree = "<group>"; };
		2FB6148A4A8DFCAD86F931EE /* Pods-bangumiSwiftTests.debug.xcconfig */ = {isa = PBXFileReference; includeInIndex = 1; lastKnownFileType = text.xcconfig; name = "Pods-bangumiSwiftTests.debug.xcconfig"; path = "Pods/Target Support Files/Pods-bangumiSwiftTests/Pods-bangumiSwiftTests.debug.xcconfig"; sourceTree = "<group>"; };
		47756E1F2206B89000B51037 /* bangumiSwift.app */ = {isa = PBXFileReference; explicitFileType = wrapper.application; includeInIndex = 0; path = bangumiSwift.app; sourceTree = BUILT_PRODUCTS_DIR; };
		47756E222206B89000B51037 /* AppDelegate.swift */ = {isa = PBXFileReference; lastKnownFileType = sourcecode.swift; path = AppDelegate.swift; sourceTree = "<group>"; };
		47756E292206B89000B51037 /* Base */ = {isa = PBXFileReference; lastKnownFileType = file.storyboard; name = Base; path = Base.lproj/Main.storyboard; sourceTree = "<group>"; };
		47756E2B2206B89200B51037 /* Assets.xcassets */ = {isa = PBXFileReference; lastKnownFileType = folder.assetcatalog; path = Assets.xcassets; sourceTree = "<group>"; };
		47756E2E2206B89200B51037 /* Base */ = {isa = PBXFileReference; lastKnownFileType = file.storyboard; name = Base; path = Base.lproj/LaunchScreen.storyboard; sourceTree = "<group>"; };
		47756E302206B89200B51037 /* Info.plist */ = {isa = PBXFileReference; lastKnownFileType = text.plist.xml; path = Info.plist; sourceTree = "<group>"; };
		47756E352206B89200B51037 /* bangumiSwiftTests.xctest */ = {isa = PBXFileReference; explicitFileType = wrapper.cfbundle; includeInIndex = 0; path = bangumiSwiftTests.xctest; sourceTree = BUILT_PRODUCTS_DIR; };
		47756E392206B89200B51037 /* bangumiSwiftTests.swift */ = {isa = PBXFileReference; lastKnownFileType = sourcecode.swift; path = bangumiSwiftTests.swift; sourceTree = "<group>"; };
		47756E3B2206B89200B51037 /* Info.plist */ = {isa = PBXFileReference; lastKnownFileType = text.plist.xml; path = Info.plist; sourceTree = "<group>"; };
		47756E402206B89200B51037 /* bangumiSwiftUITests.xctest */ = {isa = PBXFileReference; explicitFileType = wrapper.cfbundle; includeInIndex = 0; path = bangumiSwiftUITests.xctest; sourceTree = BUILT_PRODUCTS_DIR; };
		47756E442206B89200B51037 /* bangumiSwiftUITests.swift */ = {isa = PBXFileReference; lastKnownFileType = sourcecode.swift; path = bangumiSwiftUITests.swift; sourceTree = "<group>"; };
		47756E462206B89200B51037 /* Info.plist */ = {isa = PBXFileReference; lastKnownFileType = text.plist.xml; path = Info.plist; sourceTree = "<group>"; };
		47756E522206C05A00B51037 /* API.swift */ = {isa = PBXFileReference; lastKnownFileType = sourcecode.swift; path = API.swift; sourceTree = "<group>"; };
		47756E542206C35200B51037 /* BangumiServices.swift */ = {isa = PBXFileReference; lastKnownFileType = sourcecode.swift; path = BangumiServices.swift; sourceTree = "<group>"; };
		63A0EA86F2BDE1662C03EF92 /* Pods-bangumiSwift.release.xcconfig */ = {isa = PBXFileReference; includeInIndex = 1; lastKnownFileType = text.xcconfig; name = "Pods-bangumiSwift.release.xcconfig"; path = "Pods/Target Support Files/Pods-bangumiSwift/Pods-bangumiSwift.release.xcconfig"; sourceTree = "<group>"; };
		64D0507008A9A9D5B80AB968 /* Pods-bangumiSwiftUITests.debug.xcconfig */ = {isa = PBXFileReference; includeInIndex = 1; lastKnownFileType = text.xcconfig; name = "Pods-bangumiSwiftUITests.debug.xcconfig"; path = "Pods/Target Support Files/Pods-bangumiSwiftUITests/Pods-bangumiSwiftUITests.debug.xcconfig"; sourceTree = "<group>"; };
		6949EFAD286FFA422D5E7985 /* Pods_bangumiSwiftTests.framework */ = {isa = PBXFileReference; explicitFileType = wrapper.framework; includeInIndex = 0; path = Pods_bangumiSwiftTests.framework; sourceTree = BUILT_PRODUCTS_DIR; };
		80DBADA4216798E5D0162400 /* Pods-bangumiSwiftTests.release.xcconfig */ = {isa = PBXFileReference; includeInIndex = 1; lastKnownFileType = text.xcconfig; name = "Pods-bangumiSwiftTests.release.xcconfig"; path = "Pods/Target Support Files/Pods-bangumiSwiftTests/Pods-bangumiSwiftTests.release.xcconfig"; sourceTree = "<group>"; };
		8603CF5922094B80006A1913 /* SplitViewController.swift */ = {isa = PBXFileReference; lastKnownFileType = sourcecode.swift; path = SplitViewController.swift; sourceTree = "<group>"; };
		8603CF5D22094C9A006A1913 /* TabbarViewController.swift */ = {isa = PBXFileReference; lastKnownFileType = sourcecode.swift; path = TabbarViewController.swift; sourceTree = "<group>"; };
		8603CF5F22094D40006A1913 /* WatchingListViewController.swift */ = {isa = PBXFileReference; lastKnownFileType = sourcecode.swift; path = WatchingListViewController.swift; sourceTree = "<group>"; };
		8603CF6122094D5D006A1913 /* DaliyListViewController.swift */ = {isa = PBXFileReference; lastKnownFileType = sourcecode.swift; path = DaliyListViewController.swift; sourceTree = "<group>"; };
		8603CF6322094D90006A1913 /* SearchViewController.swift */ = {isa = PBXFileReference; lastKnownFileType = sourcecode.swift; path = SearchViewController.swift; sourceTree = "<group>"; };
		8603CF6522094DA8006A1913 /* SettingsViewController.swift */ = {isa = PBXFileReference; lastKnownFileType = sourcecode.swift; path = SettingsViewController.swift; sourceTree = "<group>"; };
		8603CF6722094DC4006A1913 /* ProgressListViewController.swift */ = {isa = PBXFileReference; lastKnownFileType = sourcecode.swift; path = ProgressListViewController.swift; sourceTree = "<group>"; };
		8603CF6922094DE5006A1913 /* BGMDetailViewController.swift */ = {isa = PBXFileReference; lastKnownFileType = sourcecode.swift; path = BGMDetailViewController.swift; sourceTree = "<group>"; };
		8603CF6B22094E03006A1913 /* LoginViewController.swift */ = {isa = PBXFileReference; lastKnownFileType = sourcecode.swift; path = LoginViewController.swift; sourceTree = "<group>"; };
		DAB37F82B106293D7ECC41F2 /* Pods_bangumiSwiftUITests.framework */ = {isa = PBXFileReference; explicitFileType = wrapper.framework; includeInIndex = 0; path = Pods_bangumiSwiftUITests.framework; sourceTree = BUILT_PRODUCTS_DIR; };
		FF971CA3243016615056BF60 /* Pods_bangumiSwift.framework */ = {isa = PBXFileReference; explicitFileType = wrapper.framework; includeInIndex = 0; path = Pods_bangumiSwift.framework; sourceTree = BUILT_PRODUCTS_DIR; };
/* End PBXFileReference section */

/* Begin PBXFrameworksBuildPhase section */
		47756E1C2206B89000B51037 /* Frameworks */ = {
			isa = PBXFrameworksBuildPhase;
			buildActionMask = 2147483647;
			files = (
				DF16AD056AFBCC16A610EE9C /* Pods_bangumiSwift.framework in Frameworks */,
			);
			runOnlyForDeploymentPostprocessing = 0;
		};
		47756E322206B89200B51037 /* Frameworks */ = {
			isa = PBXFrameworksBuildPhase;
			buildActionMask = 2147483647;
			files = (
				D2EE87B1ECDF96EEC3394590 /* Pods_bangumiSwiftTests.framework in Frameworks */,
			);
			runOnlyForDeploymentPostprocessing = 0;
		};
		47756E3D2206B89200B51037 /* Frameworks */ = {
			isa = PBXFrameworksBuildPhase;
			buildActionMask = 2147483647;
			files = (
				7A172C98361E83355582B2C2 /* Pods_bangumiSwiftUITests.framework in Frameworks */,
			);
			runOnlyForDeploymentPostprocessing = 0;
		};
/* End PBXFrameworksBuildPhase section */

/* Begin PBXGroup section */
		47756E162206B88F00B51037 = {
			isa = PBXGroup;
			children = (
				47756E212206B89000B51037 /* bangumiSwift */,
				47756E382206B89200B51037 /* bangumiSwiftTests */,
				47756E432206B89200B51037 /* bangumiSwiftUITests */,
				47756E202206B89000B51037 /* Products */,
				7B6DB144D60A401155548FA6 /* Pods */,
				F210570861E70BEE47975318 /* Frameworks */,
			);
			sourceTree = "<group>";
		};
		47756E202206B89000B51037 /* Products */ = {
			isa = PBXGroup;
			children = (
				47756E1F2206B89000B51037 /* bangumiSwift.app */,
				47756E352206B89200B51037 /* bangumiSwiftTests.xctest */,
				47756E402206B89200B51037 /* bangumiSwiftUITests.xctest */,
			);
			name = Products;
			sourceTree = "<group>";
		};
		47756E212206B89000B51037 /* bangumiSwift */ = {
			isa = PBXGroup;
			children = (
				47756E522206C05A00B51037 /* API.swift */,
				47756E542206C35200B51037 /* BangumiServices.swift */,
				47756E222206B89000B51037 /* AppDelegate.swift */,
				8603CF5B22094B97006A1913 /* Controller */,
				8603CF5C22094BC9006A1913 /* View */,
				47756E2B2206B89200B51037 /* Assets.xcassets */,
				47756E302206B89200B51037 /* Info.plist */,
			);
			path = bangumiSwift;
			sourceTree = "<group>";
		};
		47756E382206B89200B51037 /* bangumiSwiftTests */ = {
			isa = PBXGroup;
			children = (
				47756E392206B89200B51037 /* bangumiSwiftTests.swift */,
				47756E3B2206B89200B51037 /* Info.plist */,
			);
			path = bangumiSwiftTests;
			sourceTree = "<group>";
		};
		47756E432206B89200B51037 /* bangumiSwiftUITests */ = {
			isa = PBXGroup;
			children = (
				47756E442206B89200B51037 /* bangumiSwiftUITests.swift */,
				47756E462206B89200B51037 /* Info.plist */,
			);
			path = bangumiSwiftUITests;
			sourceTree = "<group>";
		};
		7B6DB144D60A401155548FA6 /* Pods */ = {
			isa = PBXGroup;
			children = (
				1890EB6EE948CDA93AB81E29 /* Pods-bangumiSwift.debug.xcconfig */,
				63A0EA86F2BDE1662C03EF92 /* Pods-bangumiSwift.release.xcconfig */,
				2FB6148A4A8DFCAD86F931EE /* Pods-bangumiSwiftTests.debug.xcconfig */,
				80DBADA4216798E5D0162400 /* Pods-bangumiSwiftTests.release.xcconfig */,
				64D0507008A9A9D5B80AB968 /* Pods-bangumiSwiftUITests.debug.xcconfig */,
				1DC988A6699E0258CE9D5B6D /* Pods-bangumiSwiftUITests.release.xcconfig */,
			);
			name = Pods;
			sourceTree = "<group>";
		};
		8603CF5B22094B97006A1913 /* Controller */ = {
			isa = PBXGroup;
			children = (
				8603CF5922094B80006A1913 /* SplitViewController.swift */,
				8603CF5D22094C9A006A1913 /* TabbarViewController.swift */,
				8603CF5F22094D40006A1913 /* WatchingListViewController.swift */,
				8603CF6122094D5D006A1913 /* DaliyListViewController.swift */,
				8603CF6322094D90006A1913 /* SearchViewController.swift */,
				8603CF6522094DA8006A1913 /* SettingsViewController.swift */,
				8603CF6722094DC4006A1913 /* ProgressListViewController.swift */,
				8603CF6922094DE5006A1913 /* BGMDetailViewController.swift */,
				8603CF6B22094E03006A1913 /* LoginViewController.swift */,
			);
			path = Controller;
			sourceTree = "<group>";
		};
		8603CF5C22094BC9006A1913 /* View */ = {
			isa = PBXGroup;
			children = (
				47756E282206B89000B51037 /* Main.storyboard */,
				47756E2D2206B89200B51037 /* LaunchScreen.storyboard */,
			);
			path = View;
			sourceTree = "<group>";
		};
		F210570861E70BEE47975318 /* Frameworks */ = {
			isa = PBXGroup;
			children = (
				FF971CA3243016615056BF60 /* Pods_bangumiSwift.framework */,
				6949EFAD286FFA422D5E7985 /* Pods_bangumiSwiftTests.framework */,
				DAB37F82B106293D7ECC41F2 /* Pods_bangumiSwiftUITests.framework */,
			);
			name = Frameworks;
			sourceTree = "<group>";
		};
/* End PBXGroup section */

/* Begin PBXNativeTarget section */
		47756E1E2206B89000B51037 /* bangumiSwift */ = {
			isa = PBXNativeTarget;
			buildConfigurationList = 47756E492206B89200B51037 /* Build configuration list for PBXNativeTarget "bangumiSwift" */;
			buildPhases = (
				AE9F8AC983A695AA9B643B35 /* [CP] Check Pods Manifest.lock */,
				47756E1B2206B89000B51037 /* Sources */,
				47756E1C2206B89000B51037 /* Frameworks */,
				47756E1D2206B89000B51037 /* Resources */,
				A97A6291E1AE01875B7CCB6E /* [CP] Embed Pods Frameworks */,
			);
			buildRules = (
			);
			dependencies = (
			);
			name = bangumiSwift;
			productName = bangumiSwift;
			productReference = 47756E1F2206B89000B51037 /* bangumiSwift.app */;
			productType = "com.apple.product-type.application";
		};
		47756E342206B89200B51037 /* bangumiSwiftTests */ = {
			isa = PBXNativeTarget;
			buildConfigurationList = 47756E4C2206B89200B51037 /* Build configuration list for PBXNativeTarget "bangumiSwiftTests" */;
			buildPhases = (
				6F4C345EE8BD20068ED120F8 /* [CP] Check Pods Manifest.lock */,
				47756E312206B89200B51037 /* Sources */,
				47756E322206B89200B51037 /* Frameworks */,
				47756E332206B89200B51037 /* Resources */,
			);
			buildRules = (
			);
			dependencies = (
				47756E372206B89200B51037 /* PBXTargetDependency */,
			);
			name = bangumiSwiftTests;
			productName = bangumiSwiftTests;
			productReference = 47756E352206B89200B51037 /* bangumiSwiftTests.xctest */;
			productType = "com.apple.product-type.bundle.unit-test";
		};
		47756E3F2206B89200B51037 /* bangumiSwiftUITests */ = {
			isa = PBXNativeTarget;
			buildConfigurationList = 47756E4F2206B89200B51037 /* Build configuration list for PBXNativeTarget "bangumiSwiftUITests" */;
			buildPhases = (
				9EB4AFBE74D3D42CB1D731D2 /* [CP] Check Pods Manifest.lock */,
				47756E3C2206B89200B51037 /* Sources */,
				47756E3D2206B89200B51037 /* Frameworks */,
				47756E3E2206B89200B51037 /* Resources */,
			);
			buildRules = (
			);
			dependencies = (
				47756E422206B89200B51037 /* PBXTargetDependency */,
			);
			name = bangumiSwiftUITests;
			productName = bangumiSwiftUITests;
			productReference = 47756E402206B89200B51037 /* bangumiSwiftUITests.xctest */;
			productType = "com.apple.product-type.bundle.ui-testing";
		};
/* End PBXNativeTarget section */

/* Begin PBXProject section */
		47756E172206B88F00B51037 /* Project object */ = {
			isa = PBXProject;
			attributes = {
				LastSwiftUpdateCheck = 1010;
				LastUpgradeCheck = 1010;
				ORGANIZATIONNAME = bi119aTe5hXk;
				TargetAttributes = {
					47756E1E2206B89000B51037 = {
						CreatedOnToolsVersion = 10.1;
					};
					47756E342206B89200B51037 = {
						CreatedOnToolsVersion = 10.1;
						TestTargetID = 47756E1E2206B89000B51037;
					};
					47756E3F2206B89200B51037 = {
						CreatedOnToolsVersion = 10.1;
						TestTargetID = 47756E1E2206B89000B51037;
					};
				};
			};
			buildConfigurationList = 47756E1A2206B88F00B51037 /* Build configuration list for PBXProject "bangumiSwift" */;
			compatibilityVersion = "Xcode 9.3";
			developmentRegion = en;
			hasScannedForEncodings = 0;
			knownRegions = (
				en,
				Base,
			);
			mainGroup = 47756E162206B88F00B51037;
			productRefGroup = 47756E202206B89000B51037 /* Products */;
			projectDirPath = "";
			projectRoot = "";
			targets = (
				47756E1E2206B89000B51037 /* bangumiSwift */,
				47756E342206B89200B51037 /* bangumiSwiftTests */,
				47756E3F2206B89200B51037 /* bangumiSwiftUITests */,
			);
		};
/* End PBXProject section */

/* Begin PBXResourcesBuildPhase section */
		47756E1D2206B89000B51037 /* Resources */ = {
			isa = PBXResourcesBuildPhase;
			buildActionMask = 2147483647;
			files = (
				47756E2F2206B89200B51037 /* LaunchScreen.storyboard in Resources */,
				47756E2C2206B89200B51037 /* Assets.xcassets in Resources */,
				47756E2A2206B89000B51037 /* Main.storyboard in Resources */,
			);
			runOnlyForDeploymentPostprocessing = 0;
		};
		47756E332206B89200B51037 /* Resources */ = {
			isa = PBXResourcesBuildPhase;
			buildActionMask = 2147483647;
			files = (
			);
			runOnlyForDeploymentPostprocessing = 0;
		};
		47756E3E2206B89200B51037 /* Resources */ = {
			isa = PBXResourcesBuildPhase;
			buildActionMask = 2147483647;
			files = (
			);
			runOnlyForDeploymentPostprocessing = 0;
		};
/* End PBXResourcesBuildPhase section */

/* Begin PBXShellScriptBuildPhase section */
		6F4C345EE8BD20068ED120F8 /* [CP] Check Pods Manifest.lock */ = {
			isa = PBXShellScriptBuildPhase;
			buildActionMask = 2147483647;
			files = (
			);
			inputFileListPaths = (
			);
			inputPaths = (
				"${PODS_PODFILE_DIR_PATH}/Podfile.lock",
				"${PODS_ROOT}/Manifest.lock",
			);
			name = "[CP] Check Pods Manifest.lock";
			outputFileListPaths = (
			);
			outputPaths = (
				"$(DERIVED_FILE_DIR)/Pods-bangumiSwiftTests-checkManifestLockResult.txt",
			);
			runOnlyForDeploymentPostprocessing = 0;
			shellPath = /bin/sh;
			shellScript = "diff \"${PODS_PODFILE_DIR_PATH}/Podfile.lock\" \"${PODS_ROOT}/Manifest.lock\" > /dev/null\nif [ $? != 0 ] ; then\n    # print error to STDERR\n    echo \"error: The sandbox is not in sync with the Podfile.lock. Run 'pod install' or update your CocoaPods installation.\" >&2\n    exit 1\nfi\n# This output is used by Xcode 'outputs' to avoid re-running this script phase.\necho \"SUCCESS\" > \"${SCRIPT_OUTPUT_FILE_0}\"\n";
			showEnvVarsInLog = 0;
		};
		9EB4AFBE74D3D42CB1D731D2 /* [CP] Check Pods Manifest.lock */ = {
			isa = PBXShellScriptBuildPhase;
			buildActionMask = 2147483647;
			files = (
			);
			inputFileListPaths = (
			);
			inputPaths = (
				"${PODS_PODFILE_DIR_PATH}/Podfile.lock",
				"${PODS_ROOT}/Manifest.lock",
			);
			name = "[CP] Check Pods Manifest.lock";
			outputFileListPaths = (
			);
			outputPaths = (
				"$(DERIVED_FILE_DIR)/Pods-bangumiSwiftUITests-checkManifestLockResult.txt",
			);
			runOnlyForDeploymentPostprocessing = 0;
			shellPath = /bin/sh;
			shellScript = "diff \"${PODS_PODFILE_DIR_PATH}/Podfile.lock\" \"${PODS_ROOT}/Manifest.lock\" > /dev/null\nif [ $? != 0 ] ; then\n    # print error to STDERR\n    echo \"error: The sandbox is not in sync with the Podfile.lock. Run 'pod install' or update your CocoaPods installation.\" >&2\n    exit 1\nfi\n# This output is used by Xcode 'outputs' to avoid re-running this script phase.\necho \"SUCCESS\" > \"${SCRIPT_OUTPUT_FILE_0}\"\n";
			showEnvVarsInLog = 0;
		};
		A97A6291E1AE01875B7CCB6E /* [CP] Embed Pods Frameworks */ = {
			isa = PBXShellScriptBuildPhase;
			buildActionMask = 2147483647;
			files = (
			);
			inputFileListPaths = (
			);
			inputPaths = (
				"${SRCROOT}/Pods/Target Support Files/Pods-bangumiSwift/Pods-bangumiSwift-frameworks.sh",
				"${BUILT_PRODUCTS_DIR}/OAuthSwift/OAuthSwift.framework",
			);
			name = "[CP] Embed Pods Frameworks";
			outputFileListPaths = (
			);
			outputPaths = (
				"${TARGET_BUILD_DIR}/${FRAMEWORKS_FOLDER_PATH}/OAuthSwift.framework",
			);
			runOnlyForDeploymentPostprocessing = 0;
			shellPath = /bin/sh;
			shellScript = "\"${SRCROOT}/Pods/Target Support Files/Pods-bangumiSwift/Pods-bangumiSwift-frameworks.sh\"\n";
			showEnvVarsInLog = 0;
		};
		AE9F8AC983A695AA9B643B35 /* [CP] Check Pods Manifest.lock */ = {
			isa = PBXShellScriptBuildPhase;
			buildActionMask = 2147483647;
			files = (
			);
			inputFileListPaths = (
			);
			inputPaths = (
				"${PODS_PODFILE_DIR_PATH}/Podfile.lock",
				"${PODS_ROOT}/Manifest.lock",
			);
			name = "[CP] Check Pods Manifest.lock";
			outputFileListPaths = (
			);
			outputPaths = (
				"$(DERIVED_FILE_DIR)/Pods-bangumiSwift-checkManifestLockResult.txt",
			);
			runOnlyForDeploymentPostprocessing = 0;
			shellPath = /bin/sh;
			shellScript = "diff \"${PODS_PODFILE_DIR_PATH}/Podfile.lock\" \"${PODS_ROOT}/Manifest.lock\" > /dev/null\nif [ $? != 0 ] ; then\n    # print error to STDERR\n    echo \"error: The sandbox is not in sync with the Podfile.lock. Run 'pod install' or update your CocoaPods installation.\" >&2\n    exit 1\nfi\n# This output is used by Xcode 'outputs' to avoid re-running this script phase.\necho \"SUCCESS\" > \"${SCRIPT_OUTPUT_FILE_0}\"\n";
			showEnvVarsInLog = 0;
		};
/* End PBXShellScriptBuildPhase section */

/* Begin PBXSourcesBuildPhase section */
		47756E1B2206B89000B51037 /* Sources */ = {
			isa = PBXSourcesBuildPhase;
			buildActionMask = 2147483647;
			files = (
				8603CF6C22094E03006A1913 /* LoginViewController.swift in Sources */,
				8603CF6822094DC4006A1913 /* ProgressListViewController.swift in Sources */,
				8603CF6222094D5D006A1913 /* DaliyListViewController.swift in Sources */,
				47756E552206C35200B51037 /* BangumiServices.swift in Sources */,
				8603CF6422094D90006A1913 /* SearchViewController.swift in Sources */,
				47756E532206C05A00B51037 /* API.swift in Sources */,
				8603CF6022094D40006A1913 /* WatchingListViewController.swift in Sources */,
				47756E232206B89000B51037 /* AppDelegate.swift in Sources */,
				8603CF5E22094C9A006A1913 /* TabbarViewController.swift in Sources */,
				8603CF5A22094B80006A1913 /* SplitViewController.swift in Sources */,
				8603CF6A22094DE5006A1913 /* BGMDetailViewController.swift in Sources */,
				8603CF6622094DA8006A1913 /* SettingsViewController.swift in Sources */,
			);
			runOnlyForDeploymentPostprocessing = 0;
		};
		47756E312206B89200B51037 /* Sources */ = {
			isa = PBXSourcesBuildPhase;
			buildActionMask = 2147483647;
			files = (
				47756E3A2206B89200B51037 /* bangumiSwiftTests.swift in Sources */,
			);
			runOnlyForDeploymentPostprocessing = 0;
		};
		47756E3C2206B89200B51037 /* Sources */ = {
			isa = PBXSourcesBuildPhase;
			buildActionMask = 2147483647;
			files = (
				47756E452206B89200B51037 /* bangumiSwiftUITests.swift in Sources */,
			);
			runOnlyForDeploymentPostprocessing = 0;
		};
/* End PBXSourcesBuildPhase section */

/* Begin PBXTargetDependency section */
		47756E372206B89200B51037 /* PBXTargetDependency */ = {
			isa = PBXTargetDependency;
			target = 47756E1E2206B89000B51037 /* bangumiSwift */;
			targetProxy = 47756E362206B89200B51037 /* PBXContainerItemProxy */;
		};
		47756E422206B89200B51037 /* PBXTargetDependency */ = {
			isa = PBXTargetDependency;
			target = 47756E1E2206B89000B51037 /* bangumiSwift */;
			targetProxy = 47756E412206B89200B51037 /* PBXContainerItemProxy */;
		};
/* End PBXTargetDependency section */

/* Begin PBXVariantGroup section */
		47756E282206B89000B51037 /* Main.storyboard */ = {
			isa = PBXVariantGroup;
			children = (
				47756E292206B89000B51037 /* Base */,
			);
			name = Main.storyboard;
			sourceTree = "<group>";
		};
		47756E2D2206B89200B51037 /* LaunchScreen.storyboard */ = {
			isa = PBXVariantGroup;
			children = (
				47756E2E2206B89200B51037 /* Base */,
			);
			name = LaunchScreen.storyboard;
			sourceTree = "<group>";
		};
/* End PBXVariantGroup section */

/* Begin XCBuildConfiguration section */
		47756E472206B89200B51037 /* Debug */ = {
			isa = XCBuildConfiguration;
			buildSettings = {
				ALWAYS_SEARCH_USER_PATHS = NO;
				CLANG_ANALYZER_NONNULL = YES;
				CLANG_ANALYZER_NUMBER_OBJECT_CONVERSION = YES_AGGRESSIVE;
				CLANG_CXX_LANGUAGE_STANDARD = "gnu++14";
				CLANG_CXX_LIBRARY = "libc++";
				CLANG_ENABLE_MODULES = YES;
				CLANG_ENABLE_OBJC_ARC = YES;
				CLANG_ENABLE_OBJC_WEAK = YES;
				CLANG_WARN_BLOCK_CAPTURE_AUTORELEASING = YES;
				CLANG_WARN_BOOL_CONVERSION = YES;
				CLANG_WARN_COMMA = YES;
				CLANG_WARN_CONSTANT_CONVERSION = YES;
				CLANG_WARN_DEPRECATED_OBJC_IMPLEMENTATIONS = YES;
				CLANG_WARN_DIRECT_OBJC_ISA_USAGE = YES_ERROR;
				CLANG_WARN_DOCUMENTATION_COMMENTS = YES;
				CLANG_WARN_EMPTY_BODY = YES;
				CLANG_WARN_ENUM_CONVERSION = YES;
				CLANG_WARN_INFINITE_RECURSION = YES;
				CLANG_WARN_INT_CONVERSION = YES;
				CLANG_WARN_NON_LITERAL_NULL_CONVERSION = YES;
				CLANG_WARN_OBJC_IMPLICIT_RETAIN_SELF = YES;
				CLANG_WARN_OBJC_LITERAL_CONVERSION = YES;
				CLANG_WARN_OBJC_ROOT_CLASS = YES_ERROR;
				CLANG_WARN_RANGE_LOOP_ANALYSIS = YES;
				CLANG_WARN_STRICT_PROTOTYPES = YES;
				CLANG_WARN_SUSPICIOUS_MOVE = YES;
				CLANG_WARN_UNGUARDED_AVAILABILITY = YES_AGGRESSIVE;
				CLANG_WARN_UNREACHABLE_CODE = YES;
				CLANG_WARN__DUPLICATE_METHOD_MATCH = YES;
				CODE_SIGN_IDENTITY = "iPhone Developer";
				COPY_PHASE_STRIP = NO;
				DEBUG_INFORMATION_FORMAT = dwarf;
				ENABLE_STRICT_OBJC_MSGSEND = YES;
				ENABLE_TESTABILITY = YES;
				GCC_C_LANGUAGE_STANDARD = gnu11;
				GCC_DYNAMIC_NO_PIC = NO;
				GCC_NO_COMMON_BLOCKS = YES;
				GCC_OPTIMIZATION_LEVEL = 0;
				GCC_PREPROCESSOR_DEFINITIONS = (
					"DEBUG=1",
					"$(inherited)",
				);
				GCC_WARN_64_TO_32_BIT_CONVERSION = YES;
				GCC_WARN_ABOUT_RETURN_TYPE = YES_ERROR;
				GCC_WARN_UNDECLARED_SELECTOR = YES;
				GCC_WARN_UNINITIALIZED_AUTOS = YES_AGGRESSIVE;
				GCC_WARN_UNUSED_FUNCTION = YES;
				GCC_WARN_UNUSED_VARIABLE = YES;
				IPHONEOS_DEPLOYMENT_TARGET = 12.1;
				MTL_ENABLE_DEBUG_INFO = INCLUDE_SOURCE;
				MTL_FAST_MATH = YES;
				ONLY_ACTIVE_ARCH = YES;
				SDKROOT = iphoneos;
				SWIFT_ACTIVE_COMPILATION_CONDITIONS = DEBUG;
				SWIFT_OPTIMIZATION_LEVEL = "-Onone";
			};
			name = Debug;
		};
		47756E482206B89200B51037 /* Release */ = {
			isa = XCBuildConfiguration;
			buildSettings = {
				ALWAYS_SEARCH_USER_PATHS = NO;
				CLANG_ANALYZER_NONNULL = YES;
				CLANG_ANALYZER_NUMBER_OBJECT_CONVERSION = YES_AGGRESSIVE;
				CLANG_CXX_LANGUAGE_STANDARD = "gnu++14";
				CLANG_CXX_LIBRARY = "libc++";
				CLANG_ENABLE_MODULES = YES;
				CLANG_ENABLE_OBJC_ARC = YES;
				CLANG_ENABLE_OBJC_WEAK = YES;
				CLANG_WARN_BLOCK_CAPTURE_AUTORELEASING = YES;
				CLANG_WARN_BOOL_CONVERSION = YES;
				CLANG_WARN_COMMA = YES;
				CLANG_WARN_CONSTANT_CONVERSION = YES;
				CLANG_WARN_DEPRECATED_OBJC_IMPLEMENTATIONS = YES;
				CLANG_WARN_DIRECT_OBJC_ISA_USAGE = YES_ERROR;
				CLANG_WARN_DOCUMENTATION_COMMENTS = YES;
				CLANG_WARN_EMPTY_BODY = YES;
				CLANG_WARN_ENUM_CONVERSION = YES;
				CLANG_WARN_INFINITE_RECURSION = YES;
				CLANG_WARN_INT_CONVERSION = YES;
				CLANG_WARN_NON_LITERAL_NULL_CONVERSION = YES;
				CLANG_WARN_OBJC_IMPLICIT_RETAIN_SELF = YES;
				CLANG_WARN_OBJC_LITERAL_CONVERSION = YES;
				CLANG_WARN_OBJC_ROOT_CLASS = YES_ERROR;
				CLANG_WARN_RANGE_LOOP_ANALYSIS = YES;
				CLANG_WARN_STRICT_PROTOTYPES = YES;
				CLANG_WARN_SUSPICIOUS_MOVE = YES;
				CLANG_WARN_UNGUARDED_AVAILABILITY = YES_AGGRESSIVE;
				CLANG_WARN_UNREACHABLE_CODE = YES;
				CLANG_WARN__DUPLICATE_METHOD_MATCH = YES;
				CODE_SIGN_IDENTITY = "iPhone Developer";
				COPY_PHASE_STRIP = NO;
				DEBUG_INFORMATION_FORMAT = "dwarf-with-dsym";
				ENABLE_NS_ASSERTIONS = NO;
				ENABLE_STRICT_OBJC_MSGSEND = YES;
				GCC_C_LANGUAGE_STANDARD = gnu11;
				GCC_NO_COMMON_BLOCKS = YES;
				GCC_WARN_64_TO_32_BIT_CONVERSION = YES;
				GCC_WARN_ABOUT_RETURN_TYPE = YES_ERROR;
				GCC_WARN_UNDECLARED_SELECTOR = YES;
				GCC_WARN_UNINITIALIZED_AUTOS = YES_AGGRESSIVE;
				GCC_WARN_UNUSED_FUNCTION = YES;
				GCC_WARN_UNUSED_VARIABLE = YES;
				IPHONEOS_DEPLOYMENT_TARGET = 12.1;
				MTL_ENABLE_DEBUG_INFO = NO;
				MTL_FAST_MATH = YES;
				SDKROOT = iphoneos;
				SWIFT_COMPILATION_MODE = wholemodule;
				SWIFT_OPTIMIZATION_LEVEL = "-O";
				VALIDATE_PRODUCT = YES;
			};
			name = Release;
		};
		47756E4A2206B89200B51037 /* Debug */ = {
			isa = XCBuildConfiguration;
			baseConfigurationReference = 1890EB6EE948CDA93AB81E29 /* Pods-bangumiSwift.debug.xcconfig */;
			buildSettings = {
				ASSETCATALOG_COMPILER_APPICON_NAME = AppIcon;
				CODE_SIGN_STYLE = Automatic;
				DEVELOPMENT_TEAM = HR66SGQEZ4;
				INFOPLIST_FILE = bangumiSwift/Info.plist;
				LD_RUNPATH_SEARCH_PATHS = (
					"$(inherited)",
					"@executable_path/Frameworks",
				);
				PRODUCT_BUNDLE_IDENTIFIER = net.bi119aTe5hXk.bangumiSwift;
				PRODUCT_NAME = "$(TARGET_NAME)";
				SWIFT_VERSION = 4.2;
				TARGETED_DEVICE_FAMILY = "1,2";
			};
			name = Debug;
		};
		47756E4B2206B89200B51037 /* Release */ = {
			isa = XCBuildConfiguration;
			baseConfigurationReference = 63A0EA86F2BDE1662C03EF92 /* Pods-bangumiSwift.release.xcconfig */;
			buildSettings = {
				ASSETCATALOG_COMPILER_APPICON_NAME = AppIcon;
				CODE_SIGN_STYLE = Automatic;
				DEVELOPMENT_TEAM = HR66SGQEZ4;
				INFOPLIST_FILE = bangumiSwift/Info.plist;
				LD_RUNPATH_SEARCH_PATHS = (
					"$(inherited)",
					"@executable_path/Frameworks",
				);
				PRODUCT_BUNDLE_IDENTIFIER = net.bi119aTe5hXk.bangumiSwift;
				PRODUCT_NAME = "$(TARGET_NAME)";
				SWIFT_VERSION = 4.2;
				TARGETED_DEVICE_FAMILY = "1,2";
			};
			name = Release;
		};
		47756E4D2206B89200B51037 /* Debug */ = {
			isa = XCBuildConfiguration;
			baseConfigurationReference = 2FB6148A4A8DFCAD86F931EE /* Pods-bangumiSwiftTests.debug.xcconfig */;
			buildSettings = {
				ALWAYS_EMBED_SWIFT_STANDARD_LIBRARIES = YES;
				BUNDLE_LOADER = "$(TEST_HOST)";
				CODE_SIGN_STYLE = Automatic;
				DEVELOPMENT_TEAM = HR66SGQEZ4;
				INFOPLIST_FILE = bangumiSwiftTests/Info.plist;
				LD_RUNPATH_SEARCH_PATHS = (
					"$(inherited)",
					"@executable_path/Frameworks",
					"@loader_path/Frameworks",
				);
				PRODUCT_BUNDLE_IDENTIFIER = net.bi119aTe5hXk.bangumiSwiftTests;
				PRODUCT_NAME = "$(TARGET_NAME)";
				SWIFT_VERSION = 4.2;
				TARGETED_DEVICE_FAMILY = "1,2";
				TEST_HOST = "$(BUILT_PRODUCTS_DIR)/bangumiSwift.app/bangumiSwift";
			};
			name = Debug;
		};
		47756E4E2206B89200B51037 /* Release */ = {
			isa = XCBuildConfiguration;
			baseConfigurationReference = 80DBADA4216798E5D0162400 /* Pods-bangumiSwiftTests.release.xcconfig */;
			buildSettings = {
				ALWAYS_EMBED_SWIFT_STANDARD_LIBRARIES = YES;
				BUNDLE_LOADER = "$(TEST_HOST)";
				CODE_SIGN_STYLE = Automatic;
				DEVELOPMENT_TEAM = HR66SGQEZ4;
				INFOPLIST_FILE = bangumiSwiftTests/Info.plist;
				LD_RUNPATH_SEARCH_PATHS = (
					"$(inherited)",
					"@executable_path/Frameworks",
					"@loader_path/Frameworks",
				);
				PRODUCT_BUNDLE_IDENTIFIER = net.bi119aTe5hXk.bangumiSwiftTests;
				PRODUCT_NAME = "$(TARGET_NAME)";
				SWIFT_VERSION = 4.2;
				TARGETED_DEVICE_FAMILY = "1,2";
				TEST_HOST = "$(BUILT_PRODUCTS_DIR)/bangumiSwift.app/bangumiSwift";
			};
			name = Release;
		};
		47756E502206B89200B51037 /* Debug */ = {
			isa = XCBuildConfiguration;
			baseConfigurationReference = 64D0507008A9A9D5B80AB968 /* Pods-bangumiSwiftUITests.debug.xcconfig */;
			buildSettings = {
				ALWAYS_EMBED_SWIFT_STANDARD_LIBRARIES = YES;
				CODE_SIGN_STYLE = Automatic;
				DEVELOPMENT_TEAM = HR66SGQEZ4;
				INFOPLIST_FILE = bangumiSwiftUITests/Info.plist;
				LD_RUNPATH_SEARCH_PATHS = (
					"$(inherited)",
					"@executable_path/Frameworks",
					"@loader_path/Frameworks",
				);
				PRODUCT_BUNDLE_IDENTIFIER = net.bi119aTe5hXk.bangumiSwiftUITests;
				PRODUCT_NAME = "$(TARGET_NAME)";
				SWIFT_VERSION = 4.2;
				TARGETED_DEVICE_FAMILY = "1,2";
				TEST_TARGET_NAME = bangumiSwift;
			};
			name = Debug;
		};
		47756E512206B89200B51037 /* Release */ = {
			isa = XCBuildConfiguration;
			baseConfigurationReference = 1DC988A6699E0258CE9D5B6D /* Pods-bangumiSwiftUITests.release.xcconfig */;
			buildSettings = {
				ALWAYS_EMBED_SWIFT_STANDARD_LIBRARIES = YES;
				CODE_SIGN_STYLE = Automatic;
				DEVELOPMENT_TEAM = HR66SGQEZ4;
				INFOPLIST_FILE = bangumiSwiftUITests/Info.plist;
				LD_RUNPATH_SEARCH_PATHS = (
					"$(inherited)",
					"@executable_path/Frameworks",
					"@loader_path/Frameworks",
				);
				PRODUCT_BUNDLE_IDENTIFIER = net.bi119aTe5hXk.bangumiSwiftUITests;
				PRODUCT_NAME = "$(TARGET_NAME)";
				SWIFT_VERSION = 4.2;
				TARGETED_DEVICE_FAMILY = "1,2";
				TEST_TARGET_NAME = bangumiSwift;
			};
			name = Release;
		};
/* End XCBuildConfiguration section */

/* Begin XCConfigurationList section */
		47756E1A2206B88F00B51037 /* Build configuration list for PBXProject "bangumiSwift" */ = {
			isa = XCConfigurationList;
			buildConfigurations = (
				47756E472206B89200B51037 /* Debug */,
				47756E482206B89200B51037 /* Release */,
			);
			defaultConfigurationIsVisible = 0;
			defaultConfigurationName = Release;
		};
		47756E492206B89200B51037 /* Build configuration list for PBXNativeTarget "bangumiSwift" */ = {
			isa = XCConfigurationList;
			buildConfigurations = (
				47756E4A2206B89200B51037 /* Debug */,
				47756E4B2206B89200B51037 /* Release */,
			);
			defaultConfigurationIsVisible = 0;
			defaultConfigurationName = Release;
		};
		47756E4C2206B89200B51037 /* Build configuration list for PBXNativeTarget "bangumiSwiftTests" */ = {
			isa = XCConfigurationList;
			buildConfigurations = (
				47756E4D2206B89200B51037 /* Debug */,
				47756E4E2206B89200B51037 /* Release */,
			);
			defaultConfigurationIsVisible = 0;
			defaultConfigurationName = Release;
		};
		47756E4F2206B89200B51037 /* Build configuration list for PBXNativeTarget "bangumiSwiftUITests" */ = {
			isa = XCConfigurationList;
			buildConfigurations = (
				47756E502206B89200B51037 /* Debug */,
				47756E512206B89200B51037 /* Release */,
			);
			defaultConfigurationIsVisible = 0;
			defaultConfigurationName = Release;
		};
/* End XCConfigurationList section */
	};
	rootObject = 47756E172206B88F00B51037 /* Project object */;
}
