<?xml version="1.0" encoding="UTF-8"?>
<Scheme
   LastUpgradeVersion = "0730"
   version = "1.3">
   <BuildAction
      parallelizeBuildables = "YES"
      buildImplicitDependencies = "YES">
      <BuildActionEntries>
         <BuildActionEntry
            buildForTesting = "YES"
            buildForRunning = "YES"
            buildForProfiling = "YES"
            buildForArchiving = "YES"
            buildForAnalyzing = "YES">
            <BuildableReference
               BuildableIdentifier = "primary"
               BlueprintIdentifier = "479E416C1CB17D52001AA6EA"
               BuildableName = "&#x756a;&#x7ec4;&#x8ba1;&#x5212;+ WatchKit 1 App.app"
               BlueprintName = "&#x756a;&#x7ec4;&#x8ba1;&#x5212;+ WatchKit 1 App"
               ReferencedContainer = "container:bangumi.xcodeproj">
            </BuildableReference>
         </BuildActionEntry>
         <BuildActionEntry
            buildForTesting = "YES"
            buildForRunning = "YES"
            buildForProfiling = "YES"
            buildForArchiving = "YES"
            buildForAnalyzing = "YES">
            <BuildableReference
               BuildableIdentifier = "primary"
               BlueprintIdentifier = "47E2714E1900043300304DED"
               BuildableName = "bangumi.app"
               BlueprintName = "bangumi"
               ReferencedContainer = "container:bangumi.xcodeproj">
            </BuildableReference>
         </BuildActionEntry>
         <BuildActionEntry
            buildForTesting = "YES"
            buildForRunning = "YES"
            buildForProfiling = "YES"
            buildForArchiving = "YES"
            buildForAnalyzing = "YES">
            <BuildableReference
               BuildableIdentifier = "primary"
               BlueprintIdentifier = "479E415D1CB17D51001AA6EA"
               BuildableName = "&#x756a;&#x7ec4;&#x8ba1;&#x5212;+ WatchKit 1 Extension.appex"
               BlueprintName = "&#x756a;&#x7ec4;&#x8ba1;&#x5212;+ WatchKit 1 Extension"
               ReferencedContainer = "container:bangumi.xcodeproj">
            </BuildableReference>
         </BuildActionEntry>
         <BuildActionEntry
            buildForTesting = "YES"
            buildForRunning = "YES"
            buildForProfiling = "YES"
            buildForArchiving = "YES"
            buildForAnalyzing = "YES">
            <BuildableReference
               BuildableIdentifier = "primary"
               BlueprintIdentifier = "478CEC081B7A2C9500BB2442"
               BuildableName = "bangumi WatchKit Extension.appex"
               BlueprintName = "bangumi WatchKit Extension"
               ReferencedContainer = "container:bangumi.xcodeproj">
            </BuildableReference>
         </BuildActionEntry>
      </BuildActionEntries>
   </BuildAction>
   <TestAction
      buildConfiguration = "Debug"
      selectedDebuggerIdentifier = "Xcode.DebuggerFoundation.Debugger.LLDB"
      selectedLauncherIdentifier = "Xcode.DebuggerFoundation.Launcher.LLDB"
      shouldUseLaunchSchemeArgsEnv = "YES">
      <Testables>
      </Testables>
      <MacroExpansion>
         <BuildableReference
            BuildableIdentifier = "primary"
            BlueprintIdentifier = "479E416C1CB17D52001AA6EA"
            BuildableName = "&#x756a;&#x7ec4;&#x8ba1;&#x5212;+ WatchKit 1 App.app"
            BlueprintName = "&#x756a;&#x7ec4;&#x8ba1;&#x5212;+ WatchKit 1 App"
            ReferencedContainer = "container:bangumi.xcodeproj">
         </BuildableReference>
      </MacroExpansion>
      <AdditionalOptions>
      </AdditionalOptions>
   </TestAction>
   <LaunchAction
      buildConfiguration = "Debug"
      selectedDebuggerIdentifier = "Xcode.DebuggerFoundation.Debugger.LLDB"
      selectedLauncherIdentifier = "Xcode.DebuggerFoundation.Launcher.LLDB"
      launchStyle = "0"
      useCustomWorkingDirectory = "NO"
      ignoresPersistentStateOnLaunch = "NO"
      debugDocumentVersioning = "YES"
      debugServiceExtension = "internal"
      allowLocationSimulation = "YES">
      <RemoteRunnable
         runnableDebuggingMode = "2"
         BundleIdentifier = "com.apple.carousel"
         RemotePath = "/&#x756a;&#x7ec4;&#x8ba1;&#x5212;+">
         <BuildableReference
            BuildableIdentifier = "primary"
            BlueprintIdentifier = "479E416C1CB17D52001AA6EA"
            BuildableName = "&#x756a;&#x7ec4;&#x8ba1;&#x5212;+ WatchKit 1 App.app"
            BlueprintName = "&#x756a;&#x7ec4;&#x8ba1;&#x5212;+ WatchKit 1 App"
            ReferencedContainer = "container:bangumi.xcodeproj">
         </BuildableReference>
      </RemoteRunnable>
      <MacroExpansion>
         <BuildableReference
            BuildableIdentifier = "primary"
            BlueprintIdentifier = "479E416C1CB17D52001AA6EA"
            BuildableName = "&#x756a;&#x7ec4;&#x8ba1;&#x5212;+ WatchKit 1 App.app"
            BlueprintName = "&#x756a;&#x7ec4;&#x8ba1;&#x5212;+ WatchKit 1 App"
            ReferencedContainer = "container:bangumi.xcodeproj">
         </BuildableReference>
      </MacroExpansion>
      <AdditionalOptions>
      </AdditionalOptions>
   </LaunchAction>
   <ProfileAction
      buildConfiguration = "Release"
      shouldUseLaunchSchemeArgsEnv = "YES"
      savedToolIdentifier = ""
      useCustomWorkingDirectory = "NO"
      debugDocumentVersioning = "YES">
      <RemoteRunnable
         runnableDebuggingMode = "2"
         BundleIdentifier = "com.apple.carousel"
         RemotePath = "/&#x756a;&#x7ec4;&#x8ba1;&#x5212;+">
         <BuildableReference
            BuildableIdentifier = "primary"
            BlueprintIdentifier = "479E416C1CB17D52001AA6EA"
            BuildableName = "&#x756a;&#x7ec4;&#x8ba1;&#x5212;+ WatchKit 1 App.app"
            BlueprintName = "&#x756a;&#x7ec4;&#x8ba1;&#x5212;+ WatchKit 1 App"
            ReferencedContainer = "container:bangumi.xcodeproj">
         </BuildableReference>
      </RemoteRunnable>
      <MacroExpansion>
         <BuildableReference
            BuildableIdentifier = "primary"
            BlueprintIdentifier = "479E416C1CB17D52001AA6EA"
            BuildableName = "&#x756a;&#x7ec4;&#x8ba1;&#x5212;+ WatchKit 1 App.app"
            BlueprintName = "&#x756a;&#x7ec4;&#x8ba1;&#x5212;+ WatchKit 1 App"
            ReferencedContainer = "container:bangumi.xcodeproj">
         </BuildableReference>
      </MacroExpansion>
   </ProfileAction>
   <AnalyzeAction
      buildConfiguration = "Debug">
   </AnalyzeAction>
   <ArchiveAction
      buildConfiguration = "Release"
      revealArchiveInOrganizer = "YES">
   </ArchiveAction>
</Scheme>
