// !$*UTF8*$!
{
	archiveVersion = 1;
	classes = {
	};
	objectVersion = 46;
	objects = {

/* Begin PBXBuildFile section */
		4751E628191F648E004143D3 /* ProgressListViewController.m in Sources */ = {isa = PBXBuildFile; fileRef = 4751E627191F648E004143D3 /* ProgressListViewController.m */; };
		4751E630191F84DA004143D3 /* HTMLEntityDecode.m in Sources */ = {isa = PBXBuildFile; fileRef = 4751E62F191F84DA004143D3 /* HTMLEntityDecode.m */; };
		4751E633191F9209004143D3 /* RakuenViewController.m in Sources */ = {isa = PBXBuildFile; fileRef = 4751E632191F9209004143D3 /* RakuenViewController.m */; };
		4751E6361921F231004143D3 /* UITabBarStar.png in Resources */ = {isa = PBXBuildFile; fileRef = 4751E6341921F231004143D3 /* UITabBarStar.png */; };
		4751E6371921F231004143D3 /* UITabBarStar@2x.png in Resources */ = {isa = PBXBuildFile; fileRef = 4751E6351921F231004143D3 /* UITabBarStar@2x.png */; };
		4751E63A1921F521004143D3 /* UITabBarList.png in Resources */ = {isa = PBXBuildFile; fileRef = 4751E6381921F521004143D3 /* UITabBarList.png */; };
		4751E63B1921F521004143D3 /* UITabBarList@2x.png in Resources */ = {isa = PBXBuildFile; fileRef = 4751E6391921F521004143D3 /* UITabBarList@2x.png */; };
		478B3B881902A2A1006C6E67 /* BGMDetailViewController.m in Sources */ = {isa = PBXBuildFile; fileRef = 478B3B871902A2A1006C6E67 /* BGMDetailViewController.m */; };
		47A5DC56190940340086A14B /* MBProgressHUD.m in Sources */ = {isa = PBXBuildFile; fileRef = 47A5DC55190940340086A14B /* MBProgressHUD.m */; settings = {COMPILER_FLAGS = "-fno-objc-arc"; }; };
		47A5DC58190AA7F10086A14B /* README.md in Resources */ = {isa = PBXBuildFile; fileRef = 47A5DC57190AA7F10086A14B /* README.md */; };
		47A5DD25191127150086A14B /* DaliyListViewController.m in Sources */ = {isa = PBXBuildFile; fileRef = 47A5DD24191127150086A14B /* DaliyListViewController.m */; };
		47A5DD29191135BB0086A14B /* bgm38a1024.png in Resources */ = {isa = PBXBuildFile; fileRef = 47A5DD28191135BB0086A14B /* bgm38a1024.png */; };
		47A5DD2C19113CAE0086A14B /* NormalCell.m in Sources */ = {isa = PBXBuildFile; fileRef = 47A5DD2B19113CAE0086A14B /* NormalCell.m */; };
		47A923FE1916723600B3D10A /* SearchViewController.m in Sources */ = {isa = PBXBuildFile; fileRef = 47A923FD1916723600B3D10A /* SearchViewController.m */; };
		47E271531900043300304DED /* Foundation.framework in Frameworks */ = {isa = PBXBuildFile; fileRef = 47E271521900043300304DED /* Foundation.framework */; };
		47E271551900043300304DED /* CoreGraphics.framework in Frameworks */ = {isa = PBXBuildFile; fileRef = 47E271541900043300304DED /* CoreGraphics.framework */; };
		47E271571900043300304DED /* UIKit.framework in Frameworks */ = {isa = PBXBuildFile; fileRef = 47E271561900043300304DED /* UIKit.framework */; };
		47E2715F1900043300304DED /* main.m in Sources */ = {isa = PBXBuildFile; fileRef = 47E2715E1900043300304DED /* main.m */; };
		47E271631900043300304DED /* AppDelegate.m in Sources */ = {isa = PBXBuildFile; fileRef = 47E271621900043300304DED /* AppDelegate.m */; };
		47E2716E1900043300304DED /* Images.xcassets in Resources */ = {isa = PBXBuildFile; fileRef = 47E2716D1900043300304DED /* Images.xcassets */; };
		47E271751900043300304DED /* XCTest.framework in Frameworks */ = {isa = PBXBuildFile; fileRef = 47E271741900043300304DED /* XCTest.framework */; };
		47E271761900043300304DED /* Foundation.framework in Frameworks */ = {isa = PBXBuildFile; fileRef = 47E271521900043300304DED /* Foundation.framework */; };
		47E271771900043300304DED /* UIKit.framework in Frameworks */ = {isa = PBXBuildFile; fileRef = 47E271561900043300304DED /* UIKit.framework */; };
		47E2717F1900043300304DED /* InfoPlist.strings in Resources */ = {isa = PBXBuildFile; fileRef = 47E2717D1900043300304DED /* InfoPlist.strings */; };
		47E271811900043300304DED /* bangumiTests.m in Sources */ = {isa = PBXBuildFile; fileRef = 47E271801900043300304DED /* bangumiTests.m */; };
		47E2718D190009E100304DED /* BGMAPI.m in Sources */ = {isa = PBXBuildFile; fileRef = 47E2718C190009E100304DED /* BGMAPI.m */; };
		47E2719319001AE000304DED /* Main.storyboard in Resources */ = {isa = PBXBuildFile; fileRef = 47E2719119001AE000304DED /* Main.storyboard */; };
		47E2719C19014ECE00304DED /* LoginViewController.m in Sources */ = {isa = PBXBuildFile; fileRef = 47E2719B19014ECE00304DED /* LoginViewController.m */; };
		47E271A219015D9300304DED /* WatchingListViewController.m in Sources */ = {isa = PBXBuildFile; fileRef = 47E271A119015D9300304DED /* WatchingListViewController.m */; };
		47E271A519015DBA00304DED /* BGMCell.m in Sources */ = {isa = PBXBuildFile; fileRef = 47E271A419015DBA00304DED /* BGMCell.m */; };
		47E271B11901666800304DED /* SettingsViewController.m in Sources */ = {isa = PBXBuildFile; fileRef = 47E271B01901666800304DED /* SettingsViewController.m */; };
		47E271B4190166C400304DED /* TabbarViewController.m in Sources */ = {isa = PBXBuildFile; fileRef = 47E271B3190166C400304DED /* TabbarViewController.m */; };
		47E271B619016B9700304DED /* ImageIO.framework in Frameworks */ = {isa = PBXBuildFile; fileRef = 47E271B519016B9700304DED /* ImageIO.framework */; };
		47E271C819016E4A00304DED /* SDWebImage.framework in Frameworks */ = {isa = PBXBuildFile; fileRef = 47E271C719016E4A00304DED /* SDWebImage.framework */; };
/* End PBXBuildFile section */

/* Begin PBXContainerItemProxy section */
		47E271781900043300304DED /* PBXContainerItemProxy */ = {
			isa = PBXContainerItemProxy;
			containerPortal = 47E271471900043300304DED /* Project object */;
			proxyType = 1;
			remoteGlobalIDString = 47E2714E1900043300304DED;
			remoteInfo = bangumi;
		};
/* End PBXContainerItemProxy section */

/* Begin PBXFileReference section */
		4751E626191F648E004143D3 /* ProgressListViewController.h */ = {isa = PBXFileReference; fileEncoding = 4; lastKnownFileType = sourcecode.c.h; path = ProgressListViewController.h; sourceTree = "<group>"; };
		4751E627191F648E004143D3 /* ProgressListViewController.m */ = {isa = PBXFileReference; fileEncoding = 4; lastKnownFileType = sourcecode.c.objc; path = ProgressListViewController.m; sourceTree = "<group>"; };
		4751E62E191F84DA004143D3 /* HTMLEntityDecode.h */ = {isa = PBXFileReference; fileEncoding = 4; lastKnownFileType = sourcecode.c.h; path = HTMLEntityDecode.h; sourceTree = "<group>"; };
		4751E62F191F84DA004143D3 /* HTMLEntityDecode.m */ = {isa = PBXFileReference; fileEncoding = 4; lastKnownFileType = sourcecode.c.objc; path = HTMLEntityDecode.m; sourceTree = "<group>"; };
		4751E631191F9209004143D3 /* RakuenViewController.h */ = {isa = PBXFileReference; fileEncoding = 4; lastKnownFileType = sourcecode.c.h; path = RakuenViewController.h; sourceTree = "<group>"; };
		4751E632191F9209004143D3 /* RakuenViewController.m */ = {isa = PBXFileReference; fileEncoding = 4; lastKnownFileType = sourcecode.c.objc; path = RakuenViewController.m; sourceTree = "<group>"; };
		4751E6341921F231004143D3 /* UITabBarStar.png */ = {isa = PBXFileReference; lastKnownFileType = image.png; path = UITabBarStar.png; sourceTree = "<group>"; };
		4751E6351921F231004143D3 /* UITabBarStar@2x.png */ = {isa = PBXFileReference; lastKnownFileType = image.png; path = "UITabBarStar@2x.png"; sourceTree = "<group>"; };
		4751E6381921F521004143D3 /* UITabBarList.png */ = {isa = PBXFileReference; lastKnownFileType = image.png; path = UITabBarList.png; sourceTree = "<group>"; };
		4751E6391921F521004143D3 /* UITabBarList@2x.png */ = {isa = PBXFileReference; lastKnownFileType = image.png; path = "UITabBarList@2x.png"; sourceTree = "<group>"; };
		478B3B861902A2A1006C6E67 /* BGMDetailViewController.h */ = {isa = PBXFileReference; fileEncoding = 4; lastKnownFileType = sourcecode.c.h; path = BGMDetailViewController.h; sourceTree = "<group>"; };
		478B3B871902A2A1006C6E67 /* BGMDetailViewController.m */ = {isa = PBXFileReference; fileEncoding = 4; lastKnownFileType = sourcecode.c.objc; path = BGMDetailViewController.m; sourceTree = "<group>"; };
		47A5DC54190940340086A14B /* MBProgressHUD.h */ = {isa = PBXFileReference; fileEncoding = 4; lastKnownFileType = sourcecode.c.h; path = MBProgressHUD.h; sourceTree = "<group>"; };
		47A5DC55190940340086A14B /* MBProgressHUD.m */ = {isa = PBXFileReference; fileEncoding = 4; lastKnownFileType = sourcecode.c.objc; path = MBProgressHUD.m; sourceTree = "<group>"; };
		47A5DC57190AA7F10086A14B /* README.md */ = {isa = PBXFileReference; fileEncoding = 4; lastKnownFileType = text; path = README.md; sourceTree = "<group>"; };
		47A5DD23191127150086A14B /* DaliyListViewController.h */ = {isa = PBXFileReference; fileEncoding = 4; lastKnownFileType = sourcecode.c.h; path = DaliyListViewController.h; sourceTree = "<group>"; };
		47A5DD24191127150086A14B /* DaliyListViewController.m */ = {isa = PBXFileReference; fileEncoding = 4; lastKnownFileType = sourcecode.c.objc; path = DaliyListViewController.m; sourceTree = "<group>"; };
		47A5DD28191135BB0086A14B /* bgm38a1024.png */ = {isa = PBXFileReference; lastKnownFileType = image.png; path = bgm38a1024.png; sourceTree = "<group>"; };
		47A5DD2A19113CAE0086A14B /* NormalCell.h */ = {isa = PBXFileReference; fileEncoding = 4; lastKnownFileType = sourcecode.c.h; path = NormalCell.h; sourceTree = "<group>"; };
		47A5DD2B19113CAE0086A14B /* NormalCell.m */ = {isa = PBXFileReference; fileEncoding = 4; lastKnownFileType = sourcecode.c.objc; path = NormalCell.m; sourceTree = "<group>"; };
		47A923FC1916723600B3D10A /* SearchViewController.h */ = {isa = PBXFileReference; fileEncoding = 4; lastKnownFileType = sourcecode.c.h; path = SearchViewController.h; sourceTree = "<group>"; };
		47A923FD1916723600B3D10A /* SearchViewController.m */ = {isa = PBXFileReference; fileEncoding = 4; lastKnownFileType = sourcecode.c.objc; path = SearchViewController.m; sourceTree = "<group>"; };
		47E2714F1900043300304DED /* bangumi.app */ = {isa = PBXFileReference; explicitFileType = wrapper.application; includeInIndex = 0; path = bangumi.app; sourceTree = BUILT_PRODUCTS_DIR; };
		47E271521900043300304DED /* Foundation.framework */ = {isa = PBXFileReference; lastKnownFileType = wrapper.framework; name = Foundation.framework; path = System/Library/Frameworks/Foundation.framework; sourceTree = SDKROOT; };
		47E271541900043300304DED /* CoreGraphics.framework */ = {isa = PBXFileReference; lastKnownFileType = wrapper.framework; name = CoreGraphics.framework; path = System/Library/Frameworks/CoreGraphics.framework; sourceTree = SDKROOT; };
		47E271561900043300304DED /* UIKit.framework */ = {isa = PBXFileReference; lastKnownFileType = wrapper.framework; name = UIKit.framework; path = System/Library/Frameworks/UIKit.framework; sourceTree = SDKROOT; };
		47E2715A1900043300304DED /* bangumi-Info.plist */ = {isa = PBXFileReference; lastKnownFileType = text.plist.xml; path = "bangumi-Info.plist"; sourceTree = "<group>"; };
		47E2715E1900043300304DED /* main.m */ = {isa = PBXFileReference; lastKnownFileType = sourcecode.c.objc; path = main.m; sourceTree = "<group>"; };
		47E271601900043300304DED /* bangumi-Prefix.pch */ = {isa = PBXFileReference; lastKnownFileType = sourcecode.c.h; path = "bangumi-Prefix.pch"; sourceTree = "<group>"; };
		47E271611900043300304DED /* AppDelegate.h */ = {isa = PBXFileReference; lastKnownFileType = sourcecode.c.h; path = AppDelegate.h; sourceTree = "<group>"; };
		47E271621900043300304DED /* AppDelegate.m */ = {isa = PBXFileReference; lastKnownFileType = sourcecode.c.objc; path = AppDelegate.m; sourceTree = "<group>"; };
		47E2716D1900043300304DED /* Images.xcassets */ = {isa = PBXFileReference; lastKnownFileType = folder.assetcatalog; path = Images.xcassets; sourceTree = "<group>"; };
		47E271731900043300304DED /* bangumiTests.xctest */ = {isa = PBXFileReference; explicitFileType = wrapper.cfbundle; includeInIndex = 0; path = bangumiTests.xctest; sourceTree = BUILT_PRODUCTS_DIR; };
		47E271741900043300304DED /* XCTest.framework */ = {isa = PBXFileReference; lastKnownFileType = wrapper.framework; name = XCTest.framework; path = Library/Frameworks/XCTest.framework; sourceTree = DEVELOPER_DIR; };
		47E2717C1900043300304DED /* bangumiTests-Info.plist */ = {isa = PBXFileReference; lastKnownFileType = text.plist.xml; path = "bangumiTests-Info.plist"; sourceTree = "<group>"; };
		47E271801900043300304DED /* bangumiTests.m */ = {isa = PBXFileReference; lastKnownFileType = sourcecode.c.objc; path = bangumiTests.m; sourceTree = "<group>"; };
		47E2718A1900046900304DED /* API.h */ = {isa = PBXFileReference; fileEncoding = 4; lastKnownFileType = sourcecode.c.h; path = API.h; sourceTree = "<group>"; };
		47E2718B190009E100304DED /* BGMAPI.h */ = {isa = PBXFileReference; fileEncoding = 4; lastKnownFileType = sourcecode.c.h; path = BGMAPI.h; sourceTree = "<group>"; };
		47E2718C190009E100304DED /* BGMAPI.m */ = {isa = PBXFileReference; fileEncoding = 4; lastKnownFileType = sourcecode.c.objc; path = BGMAPI.m; sourceTree = "<group>"; };
		47E2719019001AAD00304DED /* zh-Hans */ = {isa = PBXFileReference; lastKnownFileType = text.plist.strings; name = "zh-Hans"; path = "zh-Hans.lproj/InfoPlist.strings"; sourceTree = "<group>"; };
		47E2719519001AF300304DED /* zh-Hans */ = {isa = PBXFileReference; lastKnownFileType = file.storyboard; name = "zh-Hans"; path = "zh-Hans.lproj/Main.storyboard"; sourceTree = "<group>"; };
		47E2719A19014ECE00304DED /* LoginViewController.h */ = {isa = PBXFileReference; fileEncoding = 4; lastKnownFileType = sourcecode.c.h; path = LoginViewController.h; sourceTree = "<group>"; };
		47E2719B19014ECE00304DED /* LoginViewController.m */ = {isa = PBXFileReference; fileEncoding = 4; lastKnownFileType = sourcecode.c.objc; path = LoginViewController.m; sourceTree = "<group>"; };
		47E271A019015D9300304DED /* WatchingListViewController.h */ = {isa = PBXFileReference; fileEncoding = 4; lastKnownFileType = sourcecode.c.h; path = WatchingListViewController.h; sourceTree = "<group>"; };
		47E271A119015D9300304DED /* WatchingListViewController.m */ = {isa = PBXFileReference; fileEncoding = 4; lastKnownFileType = sourcecode.c.objc; path = WatchingListViewController.m; sourceTree = "<group>"; };
		47E271A319015DBA00304DED /* BGMCell.h */ = {isa = PBXFileReference; fileEncoding = 4; lastKnownFileType = sourcecode.c.h; path = BGMCell.h; sourceTree = "<group>"; };
		47E271A419015DBA00304DED /* BGMCell.m */ = {isa = PBXFileReference; fileEncoding = 4; lastKnownFileType = sourcecode.c.objc; path = BGMCell.m; sourceTree = "<group>"; };
		47E271A619015F9E00304DED /* SDWebImage.framework */ = {isa = PBXFileReference; lastKnownFileType = wrapper.framework; name = SDWebImage.framework; path = ../../../Downloads/SDWebImage.framework; sourceTree = "<group>"; };
		47E271AF1901666800304DED /* SettingsViewController.h */ = {isa = PBXFileReference; fileEncoding = 4; lastKnownFileType = sourcecode.c.h; path = SettingsViewController.h; sourceTree = "<group>"; };
		47E271B01901666800304DED /* SettingsViewController.m */ = {isa = PBXFileReference; fileEncoding = 4; lastKnownFileType = sourcecode.c.objc; path = SettingsViewController.m; sourceTree = "<group>"; };
		47E271B2190166C400304DED /* TabbarViewController.h */ = {isa = PBXFileReference; fileEncoding = 4; lastKnownFileType = sourcecode.c.h; path = TabbarViewController.h; sourceTree = "<group>"; };
		47E271B3190166C400304DED /* TabbarViewController.m */ = {isa = PBXFileReference; fileEncoding = 4; lastKnownFileType = sourcecode.c.objc; path = TabbarViewController.m; sourceTree = "<group>"; };
		47E271B519016B9700304DED /* ImageIO.framework */ = {isa = PBXFileReference; lastKnownFileType = wrapper.framework; name = ImageIO.framework; path = System/Library/Frameworks/ImageIO.framework; sourceTree = SDKROOT; };
		47E271C719016E4A00304DED /* SDWebImage.framework */ = {isa = PBXFileReference; lastKnownFileType = wrapper.framework; path = SDWebImage.framework; sourceTree = "<group>"; };
/* End PBXFileReference section */

/* Begin PBXFrameworksBuildPhase section */
		47E2714C1900043300304DED /* Frameworks */ = {
			isa = PBXFrameworksBuildPhase;
			buildActionMask = 2147483647;
			files = (
				47E271C819016E4A00304DED /* SDWebImage.framework in Frameworks */,
				47E271B619016B9700304DED /* ImageIO.framework in Frameworks */,
				47E271551900043300304DED /* CoreGraphics.framework in Frameworks */,
				47E271571900043300304DED /* UIKit.framework in Frameworks */,
				47E271531900043300304DED /* Foundation.framework in Frameworks */,
			);
			runOnlyForDeploymentPostprocessing = 0;
		};
		47E271701900043300304DED /* Frameworks */ = {
			isa = PBXFrameworksBuildPhase;
			buildActionMask = 2147483647;
			files = (
				47E271751900043300304DED /* XCTest.framework in Frameworks */,
				47E271771900043300304DED /* UIKit.framework in Frameworks */,
				47E271761900043300304DED /* Foundation.framework in Frameworks */,
			);
			runOnlyForDeploymentPostprocessing = 0;
		};
/* End PBXFrameworksBuildPhase section */

/* Begin PBXGroup section */
		47E271461900043300304DED = {
			isa = PBXGroup;
			children = (
				47A5DC57190AA7F10086A14B /* README.md */,
				47E271581900043300304DED /* bangumi */,
				47E2717A1900043300304DED /* bangumiTests */,
				47E271511900043300304DED /* Frameworks */,
				47E271501900043300304DED /* Products */,
			);
			sourceTree = "<group>";
		};
		47E271501900043300304DED /* Products */ = {
			isa = PBXGroup;
			children = (
				47E2714F1900043300304DED /* bangumi.app */,
				47E271731900043300304DED /* bangumiTests.xctest */,
			);
			name = Products;
			sourceTree = "<group>";
		};
		47E271511900043300304DED /* Frameworks */ = {
			isa = PBXGroup;
			children = (
				47E271C719016E4A00304DED /* SDWebImage.framework */,
				47E271B519016B9700304DED /* ImageIO.framework */,
				47E271A619015F9E00304DED /* SDWebImage.framework */,
				47E271521900043300304DED /* Foundation.framework */,
				47E271541900043300304DED /* CoreGraphics.framework */,
				47E271561900043300304DED /* UIKit.framework */,
				47E271741900043300304DED /* XCTest.framework */,
			);
			name = Frameworks;
			sourceTree = "<group>";
		};
		47E271581900043300304DED /* bangumi */ = {
			isa = PBXGroup;
			children = (
				47E2718A1900046900304DED /* API.h */,
				47E2718B190009E100304DED /* BGMAPI.h */,
				47E2718C190009E100304DED /* BGMAPI.m */,
				47E271611900043300304DED /* AppDelegate.h */,
				47E271621900043300304DED /* AppDelegate.m */,
				47E2719A19014ECE00304DED /* LoginViewController.h */,
				47E2719B19014ECE00304DED /* LoginViewController.m */,
				47E271B2190166C400304DED /* TabbarViewController.h */,
				47E271B3190166C400304DED /* TabbarViewController.m */,
				47E271A019015D9300304DED /* WatchingListViewController.h */,
				47E271A119015D9300304DED /* WatchingListViewController.m */,
				47E271A319015DBA00304DED /* BGMCell.h */,
				47E271A419015DBA00304DED /* BGMCell.m */,
				47A923FC1916723600B3D10A /* SearchViewController.h */,
				47A923FD1916723600B3D10A /* SearchViewController.m */,
				47A5DD23191127150086A14B /* DaliyListViewController.h */,
				47A5DD24191127150086A14B /* DaliyListViewController.m */,
				47A5DD2A19113CAE0086A14B /* NormalCell.h */,
				47A5DD2B19113CAE0086A14B /* NormalCell.m */,
				478B3B861902A2A1006C6E67 /* BGMDetailViewController.h */,
				478B3B871902A2A1006C6E67 /* BGMDetailViewController.m */,
				4751E626191F648E004143D3 /* ProgressListViewController.h */,
				4751E627191F648E004143D3 /* ProgressListViewController.m */,
				47E271AF1901666800304DED /* SettingsViewController.h */,
				47E271B01901666800304DED /* SettingsViewController.m */,
				4751E631191F9209004143D3 /* RakuenViewController.h */,
				4751E632191F9209004143D3 /* RakuenViewController.m */,
				47E2719119001AE000304DED /* Main.storyboard */,
				47E2716D1900043300304DED /* Images.xcassets */,
				47E271591900043300304DED /* Supporting Files */,
			);
			path = bangumi;
			sourceTree = "<group>";
		};
		47E271591900043300304DED /* Supporting Files */ = {
			isa = PBXGroup;
			children = (
				47A5DC54190940340086A14B /* MBProgressHUD.h */,
				47A5DC55190940340086A14B /* MBProgressHUD.m */,
				4751E62E191F84DA004143D3 /* HTMLEntityDecode.h */,
				4751E62F191F84DA004143D3 /* HTMLEntityDecode.m */,
				47E2715A1900043300304DED /* bangumi-Info.plist */,
				47E2715E1900043300304DED /* main.m */,
				47E271601900043300304DED /* bangumi-Prefix.pch */,
				47A5DD28191135BB0086A14B /* bgm38a1024.png */,
				4751E6341921F231004143D3 /* UITabBarStar.png */,
				4751E6351921F231004143D3 /* UITabBarStar@2x.png */,
				4751E6381921F521004143D3 /* UITabBarList.png */,
				4751E6391921F521004143D3 /* UITabBarList@2x.png */,
			);
			name = "Supporting Files";
			sourceTree = "<group>";
		};
		47E2717A1900043300304DED /* bangumiTests */ = {
			isa = PBXGroup;
			children = (
				47E271801900043300304DED /* bangumiTests.m */,
				47E2717B1900043300304DED /* Supporting Files */,
			);
			path = bangumiTests;
			sourceTree = "<group>";
		};
		47E2717B1900043300304DED /* Supporting Files */ = {
			isa = PBXGroup;
			children = (
				47E2717C1900043300304DED /* bangumiTests-Info.plist */,
				47E2717D1900043300304DED /* InfoPlist.strings */,
			);
			name = "Supporting Files";
			sourceTree = "<group>";
		};
/* End PBXGroup section */

/* Begin PBXNativeTarget section */
		47E2714E1900043300304DED /* bangumi */ = {
			isa = PBXNativeTarget;
			buildConfigurationList = 47E271841900043300304DED /* Build configuration list for PBXNativeTarget "bangumi" */;
			buildPhases = (
				47E2714B1900043300304DED /* Sources */,
				47E2714C1900043300304DED /* Frameworks */,
				47E2714D1900043300304DED /* Resources */,
			);
			buildRules = (
			);
			dependencies = (
			);
			name = bangumi;
			productName = bangumi;
			productReference = 47E2714F1900043300304DED /* bangumi.app */;
			productType = "com.apple.product-type.application";
		};
		47E271721900043300304DED /* bangumiTests */ = {
			isa = PBXNativeTarget;
			buildConfigurationList = 47E271871900043300304DED /* Build configuration list for PBXNativeTarget "bangumiTests" */;
			buildPhases = (
				47E2716F1900043300304DED /* Sources */,
				47E271701900043300304DED /* Frameworks */,
				47E271711900043300304DED /* Resources */,
			);
			buildRules = (
			);
			dependencies = (
				47E271791900043300304DED /* PBXTargetDependency */,
			);
			name = bangumiTests;
			productName = bangumiTests;
			productReference = 47E271731900043300304DED /* bangumiTests.xctest */;
			productType = "com.apple.product-type.bundle.unit-test";
		};
/* End PBXNativeTarget section */

/* Begin PBXProject section */
		47E271471900043300304DED /* Project object */ = {
			isa = PBXProject;
			attributes = {
				LastUpgradeCheck = 0510;
				ORGANIZATIONNAME = "HT&L";
				TargetAttributes = {
					47E2714E1900043300304DED = {
						DevelopmentTeam = HR66SGQEZ4;
					};
					47E271721900043300304DED = {
						TestTargetID = 47E2714E1900043300304DED;
					};
				};
			};
			buildConfigurationList = 47E2714A1900043300304DED /* Build configuration list for PBXProject "bangumi" */;
			compatibilityVersion = "Xcode 3.2";
			developmentRegion = English;
			hasScannedForEncodings = 0;
			knownRegions = (
				en,
				Base,
				"zh-Hans",
			);
			mainGroup = 47E271461900043300304DED;
			productRefGroup = 47E271501900043300304DED /* Products */;
			projectDirPath = "";
			projectRoot = "";
			targets = (
				47E2714E1900043300304DED /* bangumi */,
				47E271721900043300304DED /* bangumiTests */,
			);
		};
/* End PBXProject section */

/* Begin PBXResourcesBuildPhase section */
		47E2714D1900043300304DED /* Resources */ = {
			isa = PBXResourcesBuildPhase;
			buildActionMask = 2147483647;
			files = (
				4751E6371921F231004143D3 /* UITabBarStar@2x.png in Resources */,
				47A5DC58190AA7F10086A14B /* README.md in Resources */,
				47E2716E1900043300304DED /* Images.xcassets in Resources */,
				47A5DD29191135BB0086A14B /* bgm38a1024.png in Resources */,
				4751E6361921F231004143D3 /* UITabBarStar.png in Resources */,
				47E2719319001AE000304DED /* Main.storyboard in Resources */,
				4751E63B1921F521004143D3 /* UITabBarList@2x.png in Resources */,
				4751E63A1921F521004143D3 /* UITabBarList.png in Resources */,
			);
			runOnlyForDeploymentPostprocessing = 0;
		};
		47E271711900043300304DED /* Resources */ = {
			isa = PBXResourcesBuildPhase;
			buildActionMask = 2147483647;
			files = (
				47E2717F1900043300304DED /* InfoPlist.strings in Resources */,
			);
			runOnlyForDeploymentPostprocessing = 0;
		};
/* End PBXResourcesBuildPhase section */

/* Begin PBXSourcesBuildPhase section */
		47E2714B1900043300304DED /* Sources */ = {
			isa = PBXSourcesBuildPhase;
			buildActionMask = 2147483647;
			files = (
				47E2719C19014ECE00304DED /* LoginViewController.m in Sources */,
				4751E630191F84DA004143D3 /* HTMLEntityDecode.m in Sources */,
				4751E628191F648E004143D3 /* ProgressListViewController.m in Sources */,
				47A923FE1916723600B3D10A /* SearchViewController.m in Sources */,
				47E271A219015D9300304DED /* WatchingListViewController.m in Sources */,
				47A5DD2C19113CAE0086A14B /* NormalCell.m in Sources */,
				4751E633191F9209004143D3 /* RakuenViewController.m in Sources */,
				47E2718D190009E100304DED /* BGMAPI.m in Sources */,
				47E271631900043300304DED /* AppDelegate.m in Sources */,
				47E271B4190166C400304DED /* TabbarViewController.m in Sources */,
				47E2715F1900043300304DED /* main.m in Sources */,
				47E271A519015DBA00304DED /* BGMCell.m in Sources */,
				47A5DC56190940340086A14B /* MBProgressHUD.m in Sources */,
				47A5DD25191127150086A14B /* DaliyListViewController.m in Sources */,
				478B3B881902A2A1006C6E67 /* BGMDetailViewController.m in Sources */,
				47E271B11901666800304DED /* SettingsViewController.m in Sources */,
			);
			runOnlyForDeploymentPostprocessing = 0;
		};
		47E2716F1900043300304DED /* Sources */ = {
			isa = PBXSourcesBuildPhase;
			buildActionMask = 2147483647;
			files = (
				47E271811900043300304DED /* bangumiTests.m in Sources */,
			);
			runOnlyForDeploymentPostprocessing = 0;
		};
/* End PBXSourcesBuildPhase section */

/* Begin PBXTargetDependency section */
		47E271791900043300304DED /* PBXTargetDependency */ = {
			isa = PBXTargetDependency;
			target = 47E2714E1900043300304DED /* bangumi */;
			targetProxy = 47E271781900043300304DED /* PBXContainerItemProxy */;
		};
/* End PBXTargetDependency section */

/* Begin PBXVariantGroup section */
		47E2717D1900043300304DED /* InfoPlist.strings */ = {
			isa = PBXVariantGroup;
			children = (
				47E2719019001AAD00304DED /* zh-Hans */,
			);
			name = InfoPlist.strings;
			sourceTree = "<group>";
		};
		47E2719119001AE000304DED /* Main.storyboard */ = {
			isa = PBXVariantGroup;
			children = (
				47E2719519001AF300304DED /* zh-Hans */,
			);
			name = Main.storyboard;
			sourceTree = "<group>";
		};
/* End PBXVariantGroup section */

/* Begin XCBuildConfiguration section */
		47E271821900043300304DED /* Debug */ = {
			isa = XCBuildConfiguration;
			buildSettings = {
				ALWAYS_SEARCH_USER_PATHS = NO;
				CLANG_CXX_LANGUAGE_STANDARD = "gnu++0x";
				CLANG_CXX_LIBRARY = "libc++";
				CLANG_ENABLE_MODULES = YES;
				CLANG_ENABLE_OBJC_ARC = YES;
				CLANG_WARN_BOOL_CONVERSION = YES;
				CLANG_WARN_CONSTANT_CONVERSION = YES;
				CLANG_WARN_DIRECT_OBJC_ISA_USAGE = YES_ERROR;
				CLANG_WARN_EMPTY_BODY = YES;
				CLANG_WARN_ENUM_CONVERSION = YES;
				CLANG_WARN_INT_CONVERSION = YES;
				CLANG_WARN_OBJC_ROOT_CLASS = YES_ERROR;
				CLANG_WARN__DUPLICATE_METHOD_MATCH = YES;
				CODE_SIGN_IDENTITY = "";
				"CODE_SIGN_IDENTITY[sdk=iphoneos*]" = "";
				COPY_PHASE_STRIP = NO;
				GCC_C_LANGUAGE_STANDARD = gnu99;
				GCC_DYNAMIC_NO_PIC = NO;
				GCC_OPTIMIZATION_LEVEL = 0;
				GCC_PREPROCESSOR_DEFINITIONS = (
					"DEBUG=1",
					"$(inherited)",
				);
				GCC_SYMBOLS_PRIVATE_EXTERN = NO;
				GCC_WARN_64_TO_32_BIT_CONVERSION = YES;
				GCC_WARN_ABOUT_RETURN_TYPE = YES_ERROR;
				GCC_WARN_UNDECLARED_SELECTOR = YES;
				GCC_WARN_UNINITIALIZED_AUTOS = YES_AGGRESSIVE;
				GCC_WARN_UNUSED_FUNCTION = YES;
				GCC_WARN_UNUSED_VARIABLE = YES;
				IPHONEOS_DEPLOYMENT_TARGET = 6.0;
				ONLY_ACTIVE_ARCH = YES;
				OTHER_LDFLAGS = "-ObjC";
				PROVISIONING_PROFILE = "";
				SDKROOT = iphoneos;
			};
			name = Debug;
		};
		47E271831900043300304DED /* Release */ = {
			isa = XCBuildConfiguration;
			buildSettings = {
				ALWAYS_SEARCH_USER_PATHS = NO;
				CLANG_CXX_LANGUAGE_STANDARD = "gnu++0x";
				CLANG_CXX_LIBRARY = "libc++";
				CLANG_ENABLE_MODULES = YES;
				CLANG_ENABLE_OBJC_ARC = YES;
				CLANG_WARN_BOOL_CONVERSION = YES;
				CLANG_WARN_CONSTANT_CONVERSION = YES;
				CLANG_WARN_DIRECT_OBJC_ISA_USAGE = YES_ERROR;
				CLANG_WARN_EMPTY_BODY = YES;
				CLANG_WARN_ENUM_CONVERSION = YES;
				CLANG_WARN_INT_CONVERSION = YES;
				CLANG_WARN_OBJC_ROOT_CLASS = YES_ERROR;
				CLANG_WARN__DUPLICATE_METHOD_MATCH = YES;
				CODE_SIGN_IDENTITY = "";
				"CODE_SIGN_IDENTITY[sdk=iphoneos*]" = "";
				COPY_PHASE_STRIP = YES;
				ENABLE_NS_ASSERTIONS = NO;
				GCC_C_LANGUAGE_STANDARD = gnu99;
				GCC_WARN_64_TO_32_BIT_CONVERSION = YES;
				GCC_WARN_ABOUT_RETURN_TYPE = YES_ERROR;
				GCC_WARN_UNDECLARED_SELECTOR = YES;
				GCC_WARN_UNINITIALIZED_AUTOS = YES_AGGRESSIVE;
				GCC_WARN_UNUSED_FUNCTION = YES;
				GCC_WARN_UNUSED_VARIABLE = YES;
				IPHONEOS_DEPLOYMENT_TARGET = 6.0;
				OTHER_LDFLAGS = "-ObjC";
				PROVISIONING_PROFILE = "";
				SDKROOT = iphoneos;
				VALIDATE_PRODUCT = YES;
			};
			name = Release;
		};
		47E271851900043300304DED /* Debug */ = {
			isa = XCBuildConfiguration;
			buildSettings = {
				ASSETCATALOG_COMPILER_APPICON_NAME = AppIcon;
				ASSETCATALOG_COMPILER_LAUNCHIMAGE_NAME = LaunchImage;
				CODE_SIGN_IDENTITY = "";
				"CODE_SIGN_IDENTITY[sdk=iphoneos*]" = "";
				FRAMEWORK_SEARCH_PATHS = (
					"$(inherited)",
					/Users/bi119aTe5hXk/Downloads,
					"$(PROJECT_DIR)",
				);
				GCC_PRECOMPILE_PREFIX_HEADER = YES;
				GCC_PREFIX_HEADER = "bangumi/bangumi-Prefix.pch";
				INFOPLIST_FILE = "bangumi/bangumi-Info.plist";
				ONLY_ACTIVE_ARCH = NO;
				OTHER_LDFLAGS = "-ObjC";
				PRODUCT_NAME = "$(TARGET_NAME)";
				PROVISIONING_PROFILE = "8363FAA8-AE9D-44EF-A8EA-C227EC5997AA";
				TARGETED_DEVICE_FAMILY = 1;
				WRAPPER_EXTENSION = app;
			};
			name = Debug;
		};
		47E271861900043300304DED /* Release */ = {
			isa = XCBuildConfiguration;
			buildSettings = {
				ASSETCATALOG_COMPILER_APPICON_NAME = AppIcon;
				ASSETCATALOG_COMPILER_LAUNCHIMAGE_NAME = LaunchImage;
				CODE_SIGN_IDENTITY = "";
				"CODE_SIGN_IDENTITY[sdk=iphoneos*]" = "";
				FRAMEWORK_SEARCH_PATHS = (
					"$(inherited)",
					/Users/bi119aTe5hXk/Downloads,
					"$(PROJECT_DIR)",
				);
				GCC_PRECOMPILE_PREFIX_HEADER = YES;
				GCC_PREFIX_HEADER = "bangumi/bangumi-Prefix.pch";
				INFOPLIST_FILE = "bangumi/bangumi-Info.plist";
				ONLY_ACTIVE_ARCH = YES;
				OTHER_LDFLAGS = "-ObjC";
				PRODUCT_NAME = "$(TARGET_NAME)";
				PROVISIONING_PROFILE = "8363FAA8-AE9D-44EF-A8EA-C227EC5997AA";
				TARGETED_DEVICE_FAMILY = 1;
				WRAPPER_EXTENSION = app;
			};
			name = Release;
		};
		47E271881900043300304DED /* Debug */ = {
			isa = XCBuildConfiguration;
			buildSettings = {
				BUNDLE_LOADER = "$(BUILT_PRODUCTS_DIR)/bangumi.app/bangumi";
				FRAMEWORK_SEARCH_PATHS = (
					"$(SDKROOT)/Developer/Library/Frameworks",
					"$(inherited)",
					"$(DEVELOPER_FRAMEWORKS_DIR)",
				);
				GCC_PRECOMPILE_PREFIX_HEADER = YES;
				GCC_PREFIX_HEADER = "bangumi/bangumi-Prefix.pch";
				GCC_PREPROCESSOR_DEFINITIONS = (
					"DEBUG=1",
					"$(inherited)",
				);
				INFOPLIST_FILE = "bangumiTests/bangumiTests-Info.plist";
				PRODUCT_NAME = "$(TARGET_NAME)";
				TEST_HOST = "$(BUNDLE_LOADER)";
				WRAPPER_EXTENSION = xctest;
			};
			name = Debug;
		};
		47E271891900043300304DED /* Release */ = {
			isa = XCBuildConfiguration;
			buildSettings = {
				BUNDLE_LOADER = "$(BUILT_PRODUCTS_DIR)/bangumi.app/bangumi";
				FRAMEWORK_SEARCH_PATHS = (
					"$(SDKROOT)/Developer/Library/Frameworks",
					"$(inherited)",
					"$(DEVELOPER_FRAMEWORKS_DIR)",
				);
				GCC_PRECOMPILE_PREFIX_HEADER = YES;
				GCC_PREFIX_HEADER = "bangumi/bangumi-Prefix.pch";
				INFOPLIST_FILE = "bangumiTests/bangumiTests-Info.plist";
				PRODUCT_NAME = "$(TARGET_NAME)";
				TEST_HOST = "$(BUNDLE_LOADER)";
				WRAPPER_EXTENSION = xctest;
			};
			name = Release;
		};
/* End XCBuildConfiguration section */

/* Begin XCConfigurationList section */
		47E2714A1900043300304DED /* Build configuration list for PBXProject "bangumi" */ = {
			isa = XCConfigurationList;
			buildConfigurations = (
				47E271821900043300304DED /* Debug */,
				47E271831900043300304DED /* Release */,
			);
			defaultConfigurationIsVisible = 0;
			defaultConfigurationName = Release;
		};
		47E271841900043300304DED /* Build configuration list for PBXNativeTarget "bangumi" */ = {
			isa = XCConfigurationList;
			buildConfigurations = (
				47E271851900043300304DED /* Debug */,
				47E271861900043300304DED /* Release */,
			);
			defaultConfigurationIsVisible = 0;
			defaultConfigurationName = Release;
		};
		47E271871900043300304DED /* Build configuration list for PBXNativeTarget "bangumiTests" */ = {
			isa = XCConfigurationList;
			buildConfigurations = (
				47E271881900043300304DED /* Debug */,
				47E271891900043300304DED /* Release */,
			);
			defaultConfigurationIsVisible = 0;
			defaultConfigurationName = Release;
		};
/* End XCConfigurationList section */
	};
	rootObject = 47E271471900043300304DED /* Project object */;
}
