// !$*UTF8*$!
{
	archiveVersion = 1;
	classes = {
	};
	objectVersion = 46;
	objects = {

/* Begin PBXBuildFile section */
		470FFA9619307306001CF488 /* ProgressCell.m in Sources */ = {isa = PBXBuildFile; fileRef = 470FFA9519307306001CF488 /* ProgressCell.m */; };
		4751E628191F648E004143D3 /* ProgressListViewController.m in Sources */ = {isa = PBXBuildFile; fileRef = 4751E627191F648E004143D3 /* ProgressListViewController.m */; };
		4751E630191F84DA004143D3 /* HTMLEntityDecode.m in Sources */ = {isa = PBXBuildFile; fileRef = 4751E62F191F84DA004143D3 /* HTMLEntityDecode.m */; };
		4751E633191F9209004143D3 /* RakuenViewController.m in Sources */ = {isa = PBXBuildFile; fileRef = 4751E632191F9209004143D3 /* RakuenViewController.m */; };
		4751E6361921F231004143D3 /* UITabBarStar.png in Resources */ = {isa = PBXBuildFile; fileRef = 4751E6341921F231004143D3 /* UITabBarStar.png */; };
		4751E6371921F231004143D3 /* UITabBarStar@2x.png in Resources */ = {isa = PBXBuildFile; fileRef = 4751E6351921F231004143D3 /* UITabBarStar@2x.png */; };
		4751E63A1921F521004143D3 /* UITabBarList.png in Resources */ = {isa = PBXBuildFile; fileRef = 4751E6381921F521004143D3 /* UITabBarList.png */; };
		4751E63B1921F521004143D3 /* UITabBarList@2x.png in Resources */ = {isa = PBXBuildFile; fileRef = 4751E6391921F521004143D3 /* UITabBarList@2x.png */; };
		477E91F61CA1801B00C9E6C9 /* bangumi WatchKit Extension.appex in Embed App Extensions */ = {isa = PBXBuildFile; fileRef = 478CEC091B7A2C9500BB2442 /* bangumi WatchKit Extension.appex */; settings = {ATTRIBUTES = (RemoveHeadersOnCopy, ); }; };
		477E91F91CA1801B00C9E6C9 /* bangumi WatchKit App.app in Embed Watch Content */ = {isa = PBXBuildFile; fileRef = 478CEC181B7A2C9600BB2442 /* bangumi WatchKit App.app */; };
		477E91FD1CA1867F00C9E6C9 /* Launch Screen.storyboard in Resources */ = {isa = PBXBuildFile; fileRef = 477E91FC1CA1867F00C9E6C9 /* Launch Screen.storyboard */; };
		478B3B881902A2A1006C6E67 /* BGMDetailViewController.m in Sources */ = {isa = PBXBuildFile; fileRef = 478B3B871902A2A1006C6E67 /* BGMDetailViewController.m */; };
		478CEC151B7A2C9600BB2442 /* Images.xcassets in Resources */ = {isa = PBXBuildFile; fileRef = 478CEC141B7A2C9600BB2442 /* Images.xcassets */; };
		478CEC211B7A2C9600BB2442 /* Interface.storyboard in Resources */ = {isa = PBXBuildFile; fileRef = 478CEC1F1B7A2C9600BB2442 /* Interface.storyboard */; };
		478CEC231B7A2C9600BB2442 /* Images.xcassets in Resources */ = {isa = PBXBuildFile; fileRef = 478CEC221B7A2C9600BB2442 /* Images.xcassets */; };
		478CEC301B80C2F500BB2442 /* DaliyListWKController.m in Sources */ = {isa = PBXBuildFile; fileRef = 478CEC2F1B80C2F500BB2442 /* DaliyListWKController.m */; };
		478CEC331B80C43900BB2442 /* BGMWKCell.m in Sources */ = {isa = PBXBuildFile; fileRef = 478CEC321B80C43900BB2442 /* BGMWKCell.m */; };
		478CEC341B80CB4800BB2442 /* Interface.storyboard in Resources */ = {isa = PBXBuildFile; fileRef = 478CEC1F1B7A2C9600BB2442 /* Interface.storyboard */; };
		478CEC371B80CC5700BB2442 /* BGMAPI.m in Sources */ = {isa = PBXBuildFile; fileRef = 47E2718C190009E100304DED /* BGMAPI.m */; };
		478CEC3A1B80D72800BB2442 /* MainListInterfaceController.m in Sources */ = {isa = PBXBuildFile; fileRef = 478CEC391B80D72800BB2442 /* MainListInterfaceController.m */; };
		478CEC3D1B80D75300BB2442 /* NotLoginInterfaceController.m in Sources */ = {isa = PBXBuildFile; fileRef = 478CEC3C1B80D75300BB2442 /* NotLoginInterfaceController.m */; };
		478CEC411B80FEEF00BB2442 /* DetailWKInterfaceController.m in Sources */ = {isa = PBXBuildFile; fileRef = 478CEC401B80FEEF00BB2442 /* DetailWKInterfaceController.m */; };
		478CEC421B8109E200BB2442 /* HTMLEntityDecode.m in Sources */ = {isa = PBXBuildFile; fileRef = 4751E62F191F84DA004143D3 /* HTMLEntityDecode.m */; };
		47A5DC56190940340086A14B /* MBProgressHUD.m in Sources */ = {isa = PBXBuildFile; fileRef = 47A5DC55190940340086A14B /* MBProgressHUD.m */; settings = {COMPILER_FLAGS = "-fno-objc-arc"; }; };
		47A5DC58190AA7F10086A14B /* README.md in Resources */ = {isa = PBXBuildFile; fileRef = 47A5DC57190AA7F10086A14B /* README.md */; };
		47A5DD25191127150086A14B /* DaliyListViewController.m in Sources */ = {isa = PBXBuildFile; fileRef = 47A5DD24191127150086A14B /* DaliyListViewController.m */; };
		47A5DD29191135BB0086A14B /* bgm38a1024.png in Resources */ = {isa = PBXBuildFile; fileRef = 47A5DD28191135BB0086A14B /* bgm38a1024.png */; };
		47A5DD2C19113CAE0086A14B /* NormalCell.m in Sources */ = {isa = PBXBuildFile; fileRef = 47A5DD2B19113CAE0086A14B /* NormalCell.m */; };
		47A923FE1916723600B3D10A /* SearchViewController.m in Sources */ = {isa = PBXBuildFile; fileRef = 47A923FD1916723600B3D10A /* SearchViewController.m */; };
		47E271531900043300304DED /* Foundation.framework in Frameworks */ = {isa = PBXBuildFile; fileRef = 47E271521900043300304DED /* Foundation.framework */; };
		47E271551900043300304DED /* CoreGraphics.framework in Frameworks */ = {isa = PBXBuildFile; fileRef = 47E271541900043300304DED /* CoreGraphics.framework */; };
		47E271571900043300304DED /* UIKit.framework in Frameworks */ = {isa = PBXBuildFile; fileRef = 47E271561900043300304DED /* UIKit.framework */; };
		47E2715F1900043300304DED /* main.m in Sources */ = {isa = PBXBuildFile; fileRef = 47E2715E1900043300304DED /* main.m */; };
		47E271631900043300304DED /* AppDelegate.m in Sources */ = {isa = PBXBuildFile; fileRef = 47E271621900043300304DED /* AppDelegate.m */; };
		47E2716E1900043300304DED /* Images.xcassets in Resources */ = {isa = PBXBuildFile; fileRef = 47E2716D1900043300304DED /* Images.xcassets */; };
		47E2718D190009E100304DED /* BGMAPI.m in Sources */ = {isa = PBXBuildFile; fileRef = 47E2718C190009E100304DED /* BGMAPI.m */; };
		47E2719319001AE000304DED /* Main.storyboard in Resources */ = {isa = PBXBuildFile; fileRef = 47E2719119001AE000304DED /* Main.storyboard */; };
		47E2719C19014ECE00304DED /* LoginViewController.m in Sources */ = {isa = PBXBuildFile; fileRef = 47E2719B19014ECE00304DED /* LoginViewController.m */; };
		47E271A219015D9300304DED /* WatchingListViewController.m in Sources */ = {isa = PBXBuildFile; fileRef = 47E271A119015D9300304DED /* WatchingListViewController.m */; };
		47E271A519015DBA00304DED /* BGMCell.m in Sources */ = {isa = PBXBuildFile; fileRef = 47E271A419015DBA00304DED /* BGMCell.m */; };
		47E271B11901666800304DED /* SettingsViewController.m in Sources */ = {isa = PBXBuildFile; fileRef = 47E271B01901666800304DED /* SettingsViewController.m */; };
		47E271B4190166C400304DED /* TabbarViewController.m in Sources */ = {isa = PBXBuildFile; fileRef = 47E271B3190166C400304DED /* TabbarViewController.m */; };
		47E271B619016B9700304DED /* ImageIO.framework in Frameworks */ = {isa = PBXBuildFile; fileRef = 47E271B519016B9700304DED /* ImageIO.framework */; };
/* End PBXBuildFile section */

/* Begin PBXContainerItemProxy section */
		477E91F41CA1801B00C9E6C9 /* PBXContainerItemProxy */ = {
			isa = PBXContainerItemProxy;
			containerPortal = 47E271471900043300304DED /* Project object */;
			proxyType = 1;
			remoteGlobalIDString = 478CEC081B7A2C9500BB2442;
			remoteInfo = "bangumi WatchKit Extension";
		};
		477E91F71CA1801B00C9E6C9 /* PBXContainerItemProxy */ = {
			isa = PBXContainerItemProxy;
			containerPortal = 47E271471900043300304DED /* Project object */;
			proxyType = 1;
			remoteGlobalIDString = 478CEC171B7A2C9600BB2442;
			remoteInfo = "bangumi WatchKit App";
		};
/* End PBXContainerItemProxy section */

/* Begin PBXCopyFilesBuildPhase section */
		477E91FA1CA1801B00C9E6C9 /* Embed App Extensions */ = {
			isa = PBXCopyFilesBuildPhase;
			buildActionMask = 2147483647;
			dstPath = "";
			dstSubfolderSpec = 13;
			files = (
				477E91F61CA1801B00C9E6C9 /* bangumi WatchKit Extension.appex in Embed App Extensions */,
			);
			name = "Embed App Extensions";
			runOnlyForDeploymentPostprocessing = 0;
		};
		477E91FB1CA1801B00C9E6C9 /* Embed Watch Content */ = {
			isa = PBXCopyFilesBuildPhase;
			buildActionMask = 2147483647;
			dstPath = "$(CONTENTS_FOLDER_PATH)/Watch";
			dstSubfolderSpec = 16;
			files = (
				477E91F91CA1801B00C9E6C9 /* bangumi WatchKit App.app in Embed Watch Content */,
			);
			name = "Embed Watch Content";
			runOnlyForDeploymentPostprocessing = 0;
		};
/* End PBXCopyFilesBuildPhase section */

/* Begin PBXFileReference section */
		470FFA9419307306001CF488 /* ProgressCell.h */ = {isa = PBXFileReference; fileEncoding = 4; lastKnownFileType = sourcecode.c.h; path = ProgressCell.h; sourceTree = "<group>"; };
		470FFA9519307306001CF488 /* ProgressCell.m */ = {isa = PBXFileReference; fileEncoding = 4; lastKnownFileType = sourcecode.c.objc; path = ProgressCell.m; sourceTree = "<group>"; };
		470FFA97193080AC001CF488 /* bangumi.entitlements */ = {isa = PBXFileReference; lastKnownFileType = text.xml; path = bangumi.entitlements; sourceTree = "<group>"; };
		4751E626191F648E004143D3 /* ProgressListViewController.h */ = {isa = PBXFileReference; fileEncoding = 4; lastKnownFileType = sourcecode.c.h; path = ProgressListViewController.h; sourceTree = "<group>"; };
		4751E627191F648E004143D3 /* ProgressListViewController.m */ = {isa = PBXFileReference; fileEncoding = 4; lastKnownFileType = sourcecode.c.objc; path = ProgressListViewController.m; sourceTree = "<group>"; };
		4751E62E191F84DA004143D3 /* HTMLEntityDecode.h */ = {isa = PBXFileReference; fileEncoding = 4; lastKnownFileType = sourcecode.c.h; path = HTMLEntityDecode.h; sourceTree = "<group>"; };
		4751E62F191F84DA004143D3 /* HTMLEntityDecode.m */ = {isa = PBXFileReference; fileEncoding = 4; lastKnownFileType = sourcecode.c.objc; path = HTMLEntityDecode.m; sourceTree = "<group>"; };
		4751E631191F9209004143D3 /* RakuenViewController.h */ = {isa = PBXFileReference; fileEncoding = 4; lastKnownFileType = sourcecode.c.h; path = RakuenViewController.h; sourceTree = "<group>"; };
		4751E632191F9209004143D3 /* RakuenViewController.m */ = {isa = PBXFileReference; fileEncoding = 4; lastKnownFileType = sourcecode.c.objc; path = RakuenViewController.m; sourceTree = "<group>"; };
		4751E6341921F231004143D3 /* UITabBarStar.png */ = {isa = PBXFileReference; lastKnownFileType = image.png; path = UITabBarStar.png; sourceTree = "<group>"; };
		4751E6351921F231004143D3 /* UITabBarStar@2x.png */ = {isa = PBXFileReference; lastKnownFileType = image.png; path = "UITabBarStar@2x.png"; sourceTree = "<group>"; };
		4751E6381921F521004143D3 /* UITabBarList.png */ = {isa = PBXFileReference; lastKnownFileType = image.png; path = UITabBarList.png; sourceTree = "<group>"; };
		4751E6391921F521004143D3 /* UITabBarList@2x.png */ = {isa = PBXFileReference; lastKnownFileType = image.png; path = "UITabBarList@2x.png"; sourceTree = "<group>"; };
		477E91FC1CA1867F00C9E6C9 /* Launch Screen.storyboard */ = {isa = PBXFileReference; fileEncoding = 4; lastKnownFileType = file.storyboard; path = "Launch Screen.storyboard"; sourceTree = "<group>"; };
		478B3B861902A2A1006C6E67 /* BGMDetailViewController.h */ = {isa = PBXFileReference; fileEncoding = 4; lastKnownFileType = sourcecode.c.h; path = BGMDetailViewController.h; sourceTree = "<group>"; };
		478B3B871902A2A1006C6E67 /* BGMDetailViewController.m */ = {isa = PBXFileReference; fileEncoding = 4; lastKnownFileType = sourcecode.c.objc; path = BGMDetailViewController.m; sourceTree = "<group>"; };
		478CEC091B7A2C9500BB2442 /* bangumi WatchKit Extension.appex */ = {isa = PBXFileReference; explicitFileType = "wrapper.app-extension"; includeInIndex = 0; path = "bangumi WatchKit Extension.appex"; sourceTree = BUILT_PRODUCTS_DIR; };
		478CEC0C1B7A2C9500BB2442 /* Info.plist */ = {isa = PBXFileReference; lastKnownFileType = text.plist.xml; path = Info.plist; sourceTree = "<group>"; };
		478CEC141B7A2C9600BB2442 /* Images.xcassets */ = {isa = PBXFileReference; lastKnownFileType = folder.assetcatalog; path = Images.xcassets; sourceTree = "<group>"; };
		478CEC181B7A2C9600BB2442 /* bangumi WatchKit App.app */ = {isa = PBXFileReference; explicitFileType = wrapper.application; includeInIndex = 0; path = "bangumi WatchKit App.app"; sourceTree = BUILT_PRODUCTS_DIR; };
		478CEC1E1B7A2C9600BB2442 /* Info.plist */ = {isa = PBXFileReference; lastKnownFileType = text.plist.xml; path = Info.plist; sourceTree = "<group>"; };
		478CEC201B7A2C9600BB2442 /* Base */ = {isa = PBXFileReference; lastKnownFileType = file.storyboard; name = Base; path = Base.lproj/Interface.storyboard; sourceTree = "<group>"; };
		478CEC221B7A2C9600BB2442 /* Images.xcassets */ = {isa = PBXFileReference; lastKnownFileType = folder.assetcatalog; path = Images.xcassets; sourceTree = "<group>"; };
		478CEC2E1B80C2F500BB2442 /* DaliyListWKController.h */ = {isa = PBXFileReference; fileEncoding = 4; lastKnownFileType = sourcecode.c.h; path = DaliyListWKController.h; sourceTree = "<group>"; };
		478CEC2F1B80C2F500BB2442 /* DaliyListWKController.m */ = {isa = PBXFileReference; fileEncoding = 4; lastKnownFileType = sourcecode.c.objc; path = DaliyListWKController.m; sourceTree = "<group>"; };
		478CEC311B80C43900BB2442 /* BGMWKCell.h */ = {isa = PBXFileReference; fileEncoding = 4; lastKnownFileType = sourcecode.c.h; path = BGMWKCell.h; sourceTree = "<group>"; };
		478CEC321B80C43900BB2442 /* BGMWKCell.m */ = {isa = PBXFileReference; fileEncoding = 4; lastKnownFileType = sourcecode.c.objc; path = BGMWKCell.m; sourceTree = "<group>"; };
		478CEC381B80D72800BB2442 /* MainListInterfaceController.h */ = {isa = PBXFileReference; fileEncoding = 4; lastKnownFileType = sourcecode.c.h; path = MainListInterfaceController.h; sourceTree = "<group>"; };
		478CEC391B80D72800BB2442 /* MainListInterfaceController.m */ = {isa = PBXFileReference; fileEncoding = 4; lastKnownFileType = sourcecode.c.objc; path = MainListInterfaceController.m; sourceTree = "<group>"; };
		478CEC3B1B80D75300BB2442 /* NotLoginInterfaceController.h */ = {isa = PBXFileReference; fileEncoding = 4; lastKnownFileType = sourcecode.c.h; path = NotLoginInterfaceController.h; sourceTree = "<group>"; };
		478CEC3C1B80D75300BB2442 /* NotLoginInterfaceController.m */ = {isa = PBXFileReference; fileEncoding = 4; lastKnownFileType = sourcecode.c.objc; path = NotLoginInterfaceController.m; sourceTree = "<group>"; };
		478CEC3E1B80F05B00BB2442 /* bangumi WatchKit Extension.entitlements */ = {isa = PBXFileReference; lastKnownFileType = text.xml; path = "bangumi WatchKit Extension.entitlements"; sourceTree = "<group>"; };
		478CEC3F1B80FEEF00BB2442 /* DetailWKInterfaceController.h */ = {isa = PBXFileReference; fileEncoding = 4; lastKnownFileType = sourcecode.c.h; path = DetailWKInterfaceController.h; sourceTree = "<group>"; };
		478CEC401B80FEEF00BB2442 /* DetailWKInterfaceController.m */ = {isa = PBXFileReference; fileEncoding = 4; lastKnownFileType = sourcecode.c.objc; path = DetailWKInterfaceController.m; sourceTree = "<group>"; };
		47A5DC54190940340086A14B /* MBProgressHUD.h */ = {isa = PBXFileReference; fileEncoding = 4; lastKnownFileType = sourcecode.c.h; path = MBProgressHUD.h; sourceTree = "<group>"; };
		47A5DC55190940340086A14B /* MBProgressHUD.m */ = {isa = PBXFileReference; fileEncoding = 4; lastKnownFileType = sourcecode.c.objc; path = MBProgressHUD.m; sourceTree = "<group>"; };
		47A5DC57190AA7F10086A14B /* README.md */ = {isa = PBXFileReference; fileEncoding = 4; lastKnownFileType = text; path = README.md; sourceTree = "<group>"; };
		47A5DD23191127150086A14B /* DaliyListViewController.h */ = {isa = PBXFileReference; fileEncoding = 4; lastKnownFileType = sourcecode.c.h; path = DaliyListViewController.h; sourceTree = "<group>"; };
		47A5DD24191127150086A14B /* DaliyListViewController.m */ = {isa = PBXFileReference; fileEncoding = 4; lastKnownFileType = sourcecode.c.objc; path = DaliyListViewController.m; sourceTree = "<group>"; };
		47A5DD28191135BB0086A14B /* bgm38a1024.png */ = {isa = PBXFileReference; lastKnownFileType = image.png; path = bgm38a1024.png; sourceTree = "<group>"; };
		47A5DD2A19113CAE0086A14B /* NormalCell.h */ = {isa = PBXFileReference; fileEncoding = 4; lastKnownFileType = sourcecode.c.h; path = NormalCell.h; sourceTree = "<group>"; };
		47A5DD2B19113CAE0086A14B /* NormalCell.m */ = {isa = PBXFileReference; fileEncoding = 4; lastKnownFileType = sourcecode.c.objc; path = NormalCell.m; sourceTree = "<group>"; };
		47A923FC1916723600B3D10A /* SearchViewController.h */ = {isa = PBXFileReference; fileEncoding = 4; lastKnownFileType = sourcecode.c.h; path = SearchViewController.h; sourceTree = "<group>"; };
		47A923FD1916723600B3D10A /* SearchViewController.m */ = {isa = PBXFileReference; fileEncoding = 4; lastKnownFileType = sourcecode.c.objc; path = SearchViewController.m; sourceTree = "<group>"; };
		47E2714F1900043300304DED /* bangumi.app */ = {isa = PBXFileReference; explicitFileType = wrapper.application; includeInIndex = 0; path = bangumi.app; sourceTree = BUILT_PRODUCTS_DIR; };
		47E271521900043300304DED /* Foundation.framework */ = {isa = PBXFileReference; lastKnownFileType = wrapper.framework; name = Foundation.framework; path = System/Library/Frameworks/Foundation.framework; sourceTree = SDKROOT; };
		47E271541900043300304DED /* CoreGraphics.framework */ = {isa = PBXFileReference; lastKnownFileType = wrapper.framework; name = CoreGraphics.framework; path = System/Library/Frameworks/CoreGraphics.framework; sourceTree = SDKROOT; };
		47E271561900043300304DED /* UIKit.framework */ = {isa = PBXFileReference; lastKnownFileType = wrapper.framework; name = UIKit.framework; path = System/Library/Frameworks/UIKit.framework; sourceTree = SDKROOT; };
		47E2715A1900043300304DED /* bangumi-Info.plist */ = {isa = PBXFileReference; lastKnownFileType = text.plist.xml; path = "bangumi-Info.plist"; sourceTree = "<group>"; };
		47E2715E1900043300304DED /* main.m */ = {isa = PBXFileReference; lastKnownFileType = sourcecode.c.objc; path = main.m; sourceTree = "<group>"; };
		47E271601900043300304DED /* bangumi-Prefix.pch */ = {isa = PBXFileReference; lastKnownFileType = sourcecode.c.h; path = "bangumi-Prefix.pch"; sourceTree = "<group>"; };
		47E271611900043300304DED /* AppDelegate.h */ = {isa = PBXFileReference; lastKnownFileType = sourcecode.c.h; path = AppDelegate.h; sourceTree = "<group>"; };
		47E271621900043300304DED /* AppDelegate.m */ = {isa = PBXFileReference; lastKnownFileType = sourcecode.c.objc; path = AppDelegate.m; sourceTree = "<group>"; };
		47E2716D1900043300304DED /* Images.xcassets */ = {isa = PBXFileReference; lastKnownFileType = folder.assetcatalog; path = Images.xcassets; sourceTree = "<group>"; };
		47E271741900043300304DED /* XCTest.framework */ = {isa = PBXFileReference; lastKnownFileType = wrapper.framework; name = XCTest.framework; path = Library/Frameworks/XCTest.framework; sourceTree = DEVELOPER_DIR; };
		47E2717C1900043300304DED /* bangumiTests-Info.plist */ = {isa = PBXFileReference; lastKnownFileType = text.plist.xml; path = "bangumiTests-Info.plist"; sourceTree = "<group>"; };
		47E271801900043300304DED /* bangumiTests.m */ = {isa = PBXFileReference; lastKnownFileType = sourcecode.c.objc; path = bangumiTests.m; sourceTree = "<group>"; };
		47E2718A1900046900304DED /* API.h */ = {isa = PBXFileReference; fileEncoding = 4; lastKnownFileType = sourcecode.c.h; path = API.h; sourceTree = "<group>"; };
		47E2718B190009E100304DED /* BGMAPI.h */ = {isa = PBXFileReference; fileEncoding = 4; lastKnownFileType = sourcecode.c.h; path = BGMAPI.h; sourceTree = "<group>"; };
		47E2718C190009E100304DED /* BGMAPI.m */ = {isa = PBXFileReference; fileEncoding = 4; lastKnownFileType = sourcecode.c.objc; path = BGMAPI.m; sourceTree = "<group>"; };
		47E2719019001AAD00304DED /* zh-Hans */ = {isa = PBXFileReference; lastKnownFileType = text.plist.strings; name = "zh-Hans"; path = "zh-Hans.lproj/InfoPlist.strings"; sourceTree = "<group>"; };
		47E2719519001AF300304DED /* zh-Hans */ = {isa = PBXFileReference; lastKnownFileType = file.storyboard; name = "zh-Hans"; path = "zh-Hans.lproj/Main.storyboard"; sourceTree = "<group>"; };
		47E2719A19014ECE00304DED /* LoginViewController.h */ = {isa = PBXFileReference; fileEncoding = 4; lastKnownFileType = sourcecode.c.h; path = LoginViewController.h; sourceTree = "<group>"; };
		47E2719B19014ECE00304DED /* LoginViewController.m */ = {isa = PBXFileReference; fileEncoding = 4; lastKnownFileType = sourcecode.c.objc; path = LoginViewController.m; sourceTree = "<group>"; };
		47E271A019015D9300304DED /* WatchingListViewController.h */ = {isa = PBXFileReference; fileEncoding = 4; lastKnownFileType = sourcecode.c.h; path = WatchingListViewController.h; sourceTree = "<group>"; };
		47E271A119015D9300304DED /* WatchingListViewController.m */ = {isa = PBXFileReference; fileEncoding = 4; lastKnownFileType = sourcecode.c.objc; path = WatchingListViewController.m; sourceTree = "<group>"; };
		47E271A319015DBA00304DED /* BGMCell.h */ = {isa = PBXFileReference; fileEncoding = 4; lastKnownFileType = sourcecode.c.h; path = BGMCell.h; sourceTree = "<group>"; };
		47E271A419015DBA00304DED /* BGMCell.m */ = {isa = PBXFileReference; fileEncoding = 4; lastKnownFileType = sourcecode.c.objc; path = BGMCell.m; sourceTree = "<group>"; };
		47E271A619015F9E00304DED /* SDWebImage.framework */ = {isa = PBXFileReference; lastKnownFileType = wrapper.framework; name = SDWebImage.framework; path = ../../../Downloads/SDWebImage.framework; sourceTree = "<group>"; };
		47E271AF1901666800304DED /* SettingsViewController.h */ = {isa = PBXFileReference; fileEncoding = 4; lastKnownFileType = sourcecode.c.h; path = SettingsViewController.h; sourceTree = "<group>"; };
		47E271B01901666800304DED /* SettingsViewController.m */ = {isa = PBXFileReference; fileEncoding = 4; lastKnownFileType = sourcecode.c.objc; path = SettingsViewController.m; sourceTree = "<group>"; };
		47E271B2190166C400304DED /* TabbarViewController.h */ = {isa = PBXFileReference; fileEncoding = 4; lastKnownFileType = sourcecode.c.h; path = TabbarViewController.h; sourceTree = "<group>"; };
		47E271B3190166C400304DED /* TabbarViewController.m */ = {isa = PBXFileReference; fileEncoding = 4; lastKnownFileType = sourcecode.c.objc; path = TabbarViewController.m; sourceTree = "<group>"; };
		47E271B519016B9700304DED /* ImageIO.framework */ = {isa = PBXFileReference; lastKnownFileType = wrapper.framework; name = ImageIO.framework; path = System/Library/Frameworks/ImageIO.framework; sourceTree = SDKROOT; };
/* End PBXFileReference section */

/* Begin PBXFrameworksBuildPhase section */
		478CEC061B7A2C9500BB2442 /* Frameworks */ = {
			isa = PBXFrameworksBuildPhase;
			buildActionMask = 2147483647;
			files = (
			);
			runOnlyForDeploymentPostprocessing = 0;
		};
		47E2714C1900043300304DED /* Frameworks */ = {
			isa = PBXFrameworksBuildPhase;
			buildActionMask = 2147483647;
			files = (
				47E271B619016B9700304DED /* ImageIO.framework in Frameworks */,
				47E271551900043300304DED /* CoreGraphics.framework in Frameworks */,
				47E271571900043300304DED /* UIKit.framework in Frameworks */,
				47E271531900043300304DED /* Foundation.framework in Frameworks */,
			);
			runOnlyForDeploymentPostprocessing = 0;
		};
/* End PBXFrameworksBuildPhase section */

/* Begin PBXGroup section */
		478CEC0A1B7A2C9500BB2442 /* bangumi WatchKit Extension */ = {
			isa = PBXGroup;
			children = (
				478CEC3E1B80F05B00BB2442 /* bangumi WatchKit Extension.entitlements */,
				478CEC381B80D72800BB2442 /* MainListInterfaceController.h */,
				478CEC391B80D72800BB2442 /* MainListInterfaceController.m */,
				478CEC3F1B80FEEF00BB2442 /* DetailWKInterfaceController.h */,
				478CEC401B80FEEF00BB2442 /* DetailWKInterfaceController.m */,
				478CEC3B1B80D75300BB2442 /* NotLoginInterfaceController.h */,
				478CEC3C1B80D75300BB2442 /* NotLoginInterfaceController.m */,
				478CEC2E1B80C2F500BB2442 /* DaliyListWKController.h */,
				478CEC2F1B80C2F500BB2442 /* DaliyListWKController.m */,
				478CEC311B80C43900BB2442 /* BGMWKCell.h */,
				478CEC321B80C43900BB2442 /* BGMWKCell.m */,
				478CEC141B7A2C9600BB2442 /* Images.xcassets */,
				478CEC0B1B7A2C9500BB2442 /* Supporting Files */,
			);
			path = "bangumi WatchKit Extension";
			sourceTree = "<group>";
		};
		478CEC0B1B7A2C9500BB2442 /* Supporting Files */ = {
			isa = PBXGroup;
			children = (
				478CEC0C1B7A2C9500BB2442 /* Info.plist */,
			);
			name = "Supporting Files";
			sourceTree = "<group>";
		};
		478CEC1C1B7A2C9600BB2442 /* bangumi WatchKit App */ = {
			isa = PBXGroup;
			children = (
				478CEC1F1B7A2C9600BB2442 /* Interface.storyboard */,
				478CEC221B7A2C9600BB2442 /* Images.xcassets */,
				478CEC1D1B7A2C9600BB2442 /* Supporting Files */,
			);
			path = "bangumi WatchKit App";
			sourceTree = "<group>";
		};
		478CEC1D1B7A2C9600BB2442 /* Supporting Files */ = {
			isa = PBXGroup;
			children = (
				478CEC1E1B7A2C9600BB2442 /* Info.plist */,
			);
			name = "Supporting Files";
			sourceTree = "<group>";
		};
		47E271461900043300304DED = {
			isa = PBXGroup;
			children = (
				47A5DC57190AA7F10086A14B /* README.md */,
				47E271581900043300304DED /* bangumi */,
				47E2717A1900043300304DED /* bangumiTests */,
				478CEC0A1B7A2C9500BB2442 /* bangumi WatchKit Extension */,
				478CEC1C1B7A2C9600BB2442 /* bangumi WatchKit App */,
				47E271511900043300304DED /* Frameworks */,
				47E271501900043300304DED /* Products */,
			);
			sourceTree = "<group>";
		};
		47E271501900043300304DED /* Products */ = {
			isa = PBXGroup;
			children = (
				47E2714F1900043300304DED /* bangumi.app */,
				478CEC091B7A2C9500BB2442 /* bangumi WatchKit Extension.appex */,
				478CEC181B7A2C9600BB2442 /* bangumi WatchKit App.app */,
			);
			name = Products;
			sourceTree = "<group>";
		};
		47E271511900043300304DED /* Frameworks */ = {
			isa = PBXGroup;
			children = (
				47E271B519016B9700304DED /* ImageIO.framework */,
				47E271A619015F9E00304DED /* SDWebImage.framework */,
				47E271521900043300304DED /* Foundation.framework */,
				47E271541900043300304DED /* CoreGraphics.framework */,
				47E271561900043300304DED /* UIKit.framework */,
				47E271741900043300304DED /* XCTest.framework */,
			);
			name = Frameworks;
			sourceTree = "<group>";
		};
		47E271581900043300304DED /* bangumi */ = {
			isa = PBXGroup;
			children = (
				470FFA97193080AC001CF488 /* bangumi.entitlements */,
				47E2718A1900046900304DED /* API.h */,
				47E2718B190009E100304DED /* BGMAPI.h */,
				47E2718C190009E100304DED /* BGMAPI.m */,
				47E271611900043300304DED /* AppDelegate.h */,
				47E271621900043300304DED /* AppDelegate.m */,
				47E2719A19014ECE00304DED /* LoginViewController.h */,
				47E2719B19014ECE00304DED /* LoginViewController.m */,
				47E271B2190166C400304DED /* TabbarViewController.h */,
				47E271B3190166C400304DED /* TabbarViewController.m */,
				47E271A019015D9300304DED /* WatchingListViewController.h */,
				47E271A119015D9300304DED /* WatchingListViewController.m */,
				47E271A319015DBA00304DED /* BGMCell.h */,
				47E271A419015DBA00304DED /* BGMCell.m */,
				47A923FC1916723600B3D10A /* SearchViewController.h */,
				47A923FD1916723600B3D10A /* SearchViewController.m */,
				47A5DD23191127150086A14B /* DaliyListViewController.h */,
				47A5DD24191127150086A14B /* DaliyListViewController.m */,
				47A5DD2A19113CAE0086A14B /* NormalCell.h */,
				47A5DD2B19113CAE0086A14B /* NormalCell.m */,
				478B3B861902A2A1006C6E67 /* BGMDetailViewController.h */,
				478B3B871902A2A1006C6E67 /* BGMDetailViewController.m */,
				4751E626191F648E004143D3 /* ProgressListViewController.h */,
				4751E627191F648E004143D3 /* ProgressListViewController.m */,
				470FFA9419307306001CF488 /* ProgressCell.h */,
				470FFA9519307306001CF488 /* ProgressCell.m */,
				47E271AF1901666800304DED /* SettingsViewController.h */,
				47E271B01901666800304DED /* SettingsViewController.m */,
				4751E631191F9209004143D3 /* RakuenViewController.h */,
				4751E632191F9209004143D3 /* RakuenViewController.m */,
				47E2719119001AE000304DED /* Main.storyboard */,
				477E91FC1CA1867F00C9E6C9 /* Launch Screen.storyboard */,
				47E2716D1900043300304DED /* Images.xcassets */,
				47E271591900043300304DED /* Supporting Files */,
			);
			path = bangumi;
			sourceTree = "<group>";
		};
		47E271591900043300304DED /* Supporting Files */ = {
			isa = PBXGroup;
			children = (
				47A5DC54190940340086A14B /* MBProgressHUD.h */,
				47A5DC55190940340086A14B /* MBProgressHUD.m */,
				4751E62E191F84DA004143D3 /* HTMLEntityDecode.h */,
				4751E62F191F84DA004143D3 /* HTMLEntityDecode.m */,
				47E2715A1900043300304DED /* bangumi-Info.plist */,
				47E2715E1900043300304DED /* main.m */,
				47E271601900043300304DED /* bangumi-Prefix.pch */,
				47A5DD28191135BB0086A14B /* bgm38a1024.png */,
				4751E6341921F231004143D3 /* UITabBarStar.png */,
				4751E6351921F231004143D3 /* UITabBarStar@2x.png */,
				4751E6381921F521004143D3 /* UITabBarList.png */,
				4751E6391921F521004143D3 /* UITabBarList@2x.png */,
			);
			name = "Supporting Files";
			sourceTree = "<group>";
		};
		47E2717A1900043300304DED /* bangumiTests */ = {
			isa = PBXGroup;
			children = (
				47E271801900043300304DED /* bangumiTests.m */,
				47E2717B1900043300304DED /* Supporting Files */,
			);
			path = bangumiTests;
			sourceTree = "<group>";
		};
		47E2717B1900043300304DED /* Supporting Files */ = {
			isa = PBXGroup;
			children = (
				47E2717C1900043300304DED /* bangumiTests-Info.plist */,
				47E2717D1900043300304DED /* InfoPlist.strings */,
			);
			name = "Supporting Files";
			sourceTree = "<group>";
		};
/* End PBXGroup section */

/* Begin PBXNativeTarget section */
		478CEC081B7A2C9500BB2442 /* bangumi WatchKit Extension */ = {
			isa = PBXNativeTarget;
			buildConfigurationList = 478CEC2A1B7A2C9600BB2442 /* Build configuration list for PBXNativeTarget "bangumi WatchKit Extension" */;
			buildPhases = (
				478CEC051B7A2C9500BB2442 /* Sources */,
				478CEC061B7A2C9500BB2442 /* Frameworks */,
				478CEC071B7A2C9500BB2442 /* Resources */,
			);
			buildRules = (
			);
			dependencies = (
			);
			name = "bangumi WatchKit Extension";
			productName = "bangumi WatchKit Extension";
			productReference = 478CEC091B7A2C9500BB2442 /* bangumi WatchKit Extension.appex */;
			productType = "com.apple.product-type.watchkit2-extension";
		};
		478CEC171B7A2C9600BB2442 /* bangumi WatchKit App */ = {
			isa = PBXNativeTarget;
			buildConfigurationList = 478CEC271B7A2C9600BB2442 /* Build configuration list for PBXNativeTarget "bangumi WatchKit App" */;
			buildPhases = (
				478CEC161B7A2C9600BB2442 /* Resources */,
				477E91FA1CA1801B00C9E6C9 /* Embed App Extensions */,
			);
			buildRules = (
			);
			dependencies = (
				477E91F51CA1801B00C9E6C9 /* PBXTargetDependency */,
			);
			name = "bangumi WatchKit App";
			productName = "bangumi WatchKit App";
			productReference = 478CEC181B7A2C9600BB2442 /* bangumi WatchKit App.app */;
			productType = "com.apple.product-type.application.watchapp2";
		};
		47E2714E1900043300304DED /* bangumi */ = {
			isa = PBXNativeTarget;
			buildConfigurationList = 47E271841900043300304DED /* Build configuration list for PBXNativeTarget "bangumi" */;
			buildPhases = (
				47E2714B1900043300304DED /* Sources */,
				47E2714C1900043300304DED /* Frameworks */,
				47E2714D1900043300304DED /* Resources */,
				477E91FB1CA1801B00C9E6C9 /* Embed Watch Content */,
			);
			buildRules = (
			);
			dependencies = (
				477E91F81CA1801B00C9E6C9 /* PBXTargetDependency */,
			);
			name = bangumi;
			productName = bangumi;
			productReference = 47E2714F1900043300304DED /* bangumi.app */;
			productType = "com.apple.product-type.application";
		};
/* End PBXNativeTarget section */

/* Begin PBXProject section */
		47E271471900043300304DED /* Project object */ = {
			isa = PBXProject;
			attributes = {
				LastUpgradeCheck = 0730;
				ORGANIZATIONNAME = "HT&L";
				TargetAttributes = {
					478CEC081B7A2C9500BB2442 = {
						CreatedOnToolsVersion = 6.4;
						DevelopmentTeam = HR66SGQEZ4;
						SystemCapabilities = {
							com.apple.ApplicationGroups.iOS = {
								enabled = 1;
							};
						};
					};
					478CEC171B7A2C9600BB2442 = {
						CreatedOnToolsVersion = 6.4;
						DevelopmentTeam = HR66SGQEZ4;
					};
					47E2714E1900043300304DED = {
						DevelopmentTeam = HR66SGQEZ4;
						SystemCapabilities = {
							com.apple.ApplicationGroups.iOS = {
								enabled = 1;
							};
							com.apple.DataProtection = {
								enabled = 0;
							};
							com.apple.Keychain = {
								enabled = 0;
							};
						};
					};
				};
			};
			buildConfigurationList = 47E2714A1900043300304DED /* Build configuration list for PBXProject "bangumi" */;
			compatibilityVersion = "Xcode 3.2";
			developmentRegion = English;
			hasScannedForEncodings = 0;
			knownRegions = (
				en,
				Base,
				"zh-Hans",
			);
			mainGroup = 47E271461900043300304DED;
			productRefGroup = 47E271501900043300304DED /* Products */;
			projectDirPath = "";
			projectRoot = "";
			targets = (
				47E2714E1900043300304DED /* bangumi */,
				478CEC081B7A2C9500BB2442 /* bangumi WatchKit Extension */,
				478CEC171B7A2C9600BB2442 /* bangumi WatchKit App */,
			);
		};
/* End PBXProject section */

/* Begin PBXResourcesBuildPhase section */
		478CEC071B7A2C9500BB2442 /* Resources */ = {
			isa = PBXResourcesBuildPhase;
			buildActionMask = 2147483647;
			files = (
				478CEC341B80CB4800BB2442 /* Interface.storyboard in Resources */,
				478CEC151B7A2C9600BB2442 /* Images.xcassets in Resources */,
			);
			runOnlyForDeploymentPostprocessing = 0;
		};
		478CEC161B7A2C9600BB2442 /* Resources */ = {
			isa = PBXResourcesBuildPhase;
			buildActionMask = 2147483647;
			files = (
				478CEC211B7A2C9600BB2442 /* Interface.storyboard in Resources */,
				478CEC231B7A2C9600BB2442 /* Images.xcassets in Resources */,
			);
			runOnlyForDeploymentPostprocessing = 0;
		};
		47E2714D1900043300304DED /* Resources */ = {
			isa = PBXResourcesBuildPhase;
			buildActionMask = 2147483647;
			files = (
				4751E6371921F231004143D3 /* UITabBarStar@2x.png in Resources */,
				47A5DC58190AA7F10086A14B /* README.md in Resources */,
				47E2716E1900043300304DED /* Images.xcassets in Resources */,
				477E91FD1CA1867F00C9E6C9 /* Launch Screen.storyboard in Resources */,
				47A5DD29191135BB0086A14B /* bgm38a1024.png in Resources */,
				4751E6361921F231004143D3 /* UITabBarStar.png in Resources */,
				47E2719319001AE000304DED /* Main.storyboard in Resources */,
				4751E63B1921F521004143D3 /* UITabBarList@2x.png in Resources */,
				4751E63A1921F521004143D3 /* UITabBarList.png in Resources */,
			);
			runOnlyForDeploymentPostprocessing = 0;
		};
/* End PBXResourcesBuildPhase section */

/* Begin PBXSourcesBuildPhase section */
		478CEC051B7A2C9500BB2442 /* Sources */ = {
			isa = PBXSourcesBuildPhase;
			buildActionMask = 2147483647;
			files = (
				478CEC411B80FEEF00BB2442 /* DetailWKInterfaceController.m in Sources */,
				478CEC301B80C2F500BB2442 /* DaliyListWKController.m in Sources */,
				478CEC421B8109E200BB2442 /* HTMLEntityDecode.m in Sources */,
				478CEC331B80C43900BB2442 /* BGMWKCell.m in Sources */,
				478CEC3D1B80D75300BB2442 /* NotLoginInterfaceController.m in Sources */,
				478CEC371B80CC5700BB2442 /* BGMAPI.m in Sources */,
				478CEC3A1B80D72800BB2442 /* MainListInterfaceController.m in Sources */,
			);
			runOnlyForDeploymentPostprocessing = 0;
		};
		47E2714B1900043300304DED /* Sources */ = {
			isa = PBXSourcesBuildPhase;
			buildActionMask = 2147483647;
			files = (
				47E2719C19014ECE00304DED /* LoginViewController.m in Sources */,
				4751E630191F84DA004143D3 /* HTMLEntityDecode.m in Sources */,
				4751E628191F648E004143D3 /* ProgressListViewController.m in Sources */,
				47A923FE1916723600B3D10A /* SearchViewController.m in Sources */,
				47E271A219015D9300304DED /* WatchingListViewController.m in Sources */,
				47A5DD2C19113CAE0086A14B /* NormalCell.m in Sources */,
				4751E633191F9209004143D3 /* RakuenViewController.m in Sources */,
				47E2718D190009E100304DED /* BGMAPI.m in Sources */,
				47E271631900043300304DED /* AppDelegate.m in Sources */,
				47E271B4190166C400304DED /* TabbarViewController.m in Sources */,
				47E2715F1900043300304DED /* main.m in Sources */,
				47E271A519015DBA00304DED /* BGMCell.m in Sources */,
				47A5DC56190940340086A14B /* MBProgressHUD.m in Sources */,
				47A5DD25191127150086A14B /* DaliyListViewController.m in Sources */,
				470FFA9619307306001CF488 /* ProgressCell.m in Sources */,
				478B3B881902A2A1006C6E67 /* BGMDetailViewController.m in Sources */,
				47E271B11901666800304DED /* SettingsViewController.m in Sources */,
			);
			runOnlyForDeploymentPostprocessing = 0;
		};
/* End PBXSourcesBuildPhase section */

/* Begin PBXTargetDependency section */
		477E91F51CA1801B00C9E6C9 /* PBXTargetDependency */ = {
			isa = PBXTargetDependency;
			target = 478CEC081B7A2C9500BB2442 /* bangumi WatchKit Extension */;
			targetProxy = 477E91F41CA1801B00C9E6C9 /* PBXContainerItemProxy */;
		};
		477E91F81CA1801B00C9E6C9 /* PBXTargetDependency */ = {
			isa = PBXTargetDependency;
			target = 478CEC171B7A2C9600BB2442 /* bangumi WatchKit App */;
			targetProxy = 477E91F71CA1801B00C9E6C9 /* PBXContainerItemProxy */;
		};
/* End PBXTargetDependency section */

/* Begin PBXVariantGroup section */
		478CEC1F1B7A2C9600BB2442 /* Interface.storyboard */ = {
			isa = PBXVariantGroup;
			children = (
				478CEC201B7A2C9600BB2442 /* Base */,
			);
			name = Interface.storyboard;
			sourceTree = "<group>";
		};
		47E2717D1900043300304DED /* InfoPlist.strings */ = {
			isa = PBXVariantGroup;
			children = (
				47E2719019001AAD00304DED /* zh-Hans */,
			);
			name = InfoPlist.strings;
			sourceTree = "<group>";
		};
		47E2719119001AE000304DED /* Main.storyboard */ = {
			isa = PBXVariantGroup;
			children = (
				47E2719519001AF300304DED /* zh-Hans */,
			);
			name = Main.storyboard;
			sourceTree = "<group>";
		};
/* End PBXVariantGroup section */

/* Begin XCBuildConfiguration section */
		478CEC281B7A2C9600BB2442 /* Debug */ = {
			isa = XCBuildConfiguration;
			buildSettings = {
				ASSETCATALOG_COMPILER_APPICON_NAME = AppIcon;
				CLANG_WARN_UNREACHABLE_CODE = YES;
				CODE_SIGN_IDENTITY = "iPhone Distribution: Huang Xingkai (HR66SGQEZ4)";
				"CODE_SIGN_IDENTITY[sdk=iphoneos*]" = "iPhone Distribution: Huang Xingkai (HR66SGQEZ4)";
				DEBUG_INFORMATION_FORMAT = "dwarf-with-dsym";
				ENABLE_STRICT_OBJC_MSGSEND = YES;
				GCC_NO_COMMON_BLOCKS = YES;
				GCC_PREPROCESSOR_DEFINITIONS = (
					"DEBUG=1",
					"$(inherited)",
				);
				IBSC_MODULE = bangumi_WatchKit_Extension;
				INFOPLIST_FILE = "bangumi WatchKit App/Info.plist";
				MTL_ENABLE_DEBUG_INFO = YES;
				ONLY_ACTIVE_ARCH = YES;
				PRODUCT_BUNDLE_IDENTIFIER = com.HTandL.bgmclient.watchkitapp;
				PRODUCT_NAME = "$(TARGET_NAME)";
				PROVISIONING_PROFILE = "68fdf0a8-85ca-4d26-8bf6-8840439be01d";
				SDKROOT = watchos;
				SKIP_INSTALL = YES;
				TARGETED_DEVICE_FAMILY = 4;
				WATCHOS_DEPLOYMENT_TARGET = 2.0;
			};
			name = Debug;
		};
		478CEC291B7A2C9600BB2442 /* Release */ = {
			isa = XCBuildConfiguration;
			buildSettings = {
				ASSETCATALOG_COMPILER_APPICON_NAME = AppIcon;
				CLANG_WARN_UNREACHABLE_CODE = YES;
				CODE_SIGN_IDENTITY = "iPhone Distribution: Huang Xingkai (HR66SGQEZ4)";
				"CODE_SIGN_IDENTITY[sdk=iphoneos*]" = "iPhone Distribution: Huang Xingkai (HR66SGQEZ4)";
				COPY_PHASE_STRIP = NO;
				DEBUG_INFORMATION_FORMAT = "dwarf-with-dsym";
				ENABLE_STRICT_OBJC_MSGSEND = YES;
				GCC_NO_COMMON_BLOCKS = YES;
				IBSC_MODULE = bangumi_WatchKit_Extension;
				INFOPLIST_FILE = "bangumi WatchKit App/Info.plist";
				MTL_ENABLE_DEBUG_INFO = NO;
				PRODUCT_BUNDLE_IDENTIFIER = com.HTandL.bgmclient.watchkitapp;
				PRODUCT_NAME = "$(TARGET_NAME)";
				PROVISIONING_PROFILE = "68fdf0a8-85ca-4d26-8bf6-8840439be01d";
				SDKROOT = watchos;
				SKIP_INSTALL = YES;
				TARGETED_DEVICE_FAMILY = 4;
				WATCHOS_DEPLOYMENT_TARGET = 2.0;
			};
			name = Release;
		};
		478CEC2B1B7A2C9600BB2442 /* Debug */ = {
			isa = XCBuildConfiguration;
			buildSettings = {
				CLANG_WARN_UNREACHABLE_CODE = YES;
				CODE_SIGN_ENTITLEMENTS = "bangumi WatchKit Extension/bangumi WatchKit Extension.entitlements";
				CODE_SIGN_IDENTITY = "iPhone Distribution: Huang Xingkai (HR66SGQEZ4)";
				"CODE_SIGN_IDENTITY[sdk=iphoneos*]" = "iPhone Distribution: Huang Xingkai (HR66SGQEZ4)";
				"CODE_SIGN_IDENTITY[sdk=watchos*]" = "iPhone Distribution: Huang Xingkai (HR66SGQEZ4)";
				DEBUG_INFORMATION_FORMAT = "dwarf-with-dsym";
				ENABLE_STRICT_OBJC_MSGSEND = YES;
				GCC_NO_COMMON_BLOCKS = YES;
				GCC_PREPROCESSOR_DEFINITIONS = (
					"DEBUG=1",
					"$(inherited)",
				);
				INFOPLIST_FILE = "bangumi WatchKit Extension/Info.plist";
				IPHONEOS_DEPLOYMENT_TARGET = 8.2;
				LD_RUNPATH_SEARCH_PATHS = "$(inherited) @executable_path/Frameworks @executable_path/../../Frameworks";
				MTL_ENABLE_DEBUG_INFO = YES;
				ONLY_ACTIVE_ARCH = YES;
				PRODUCT_BUNDLE_IDENTIFIER = com.HTandL.bgmclient.watchkitapp.watchkitextension;
				PRODUCT_NAME = "${TARGET_NAME}";
				PROVISIONING_PROFILE = "2a05ff44-214f-44d1-85ac-57cd25f0e7a2";
				SDKROOT = watchos;
				SKIP_INSTALL = YES;
				TARGETED_DEVICE_FAMILY = 4;
				WATCHOS_DEPLOYMENT_TARGET = 2.0;
			};
			name = Debug;
		};
		478CEC2C1B7A2C9600BB2442 /* Release */ = {
			isa = XCBuildConfiguration;
			buildSettings = {
				CLANG_WARN_UNREACHABLE_CODE = YES;
				CODE_SIGN_ENTITLEMENTS = "bangumi WatchKit Extension/bangumi WatchKit Extension.entitlements";
				CODE_SIGN_IDENTITY = "iPhone Distribution: Huang Xingkai (HR66SGQEZ4)";
				"CODE_SIGN_IDENTITY[sdk=iphoneos*]" = "iPhone Distribution: Huang Xingkai (HR66SGQEZ4)";
				"CODE_SIGN_IDENTITY[sdk=watchos*]" = "iPhone Distribution: Huang Xingkai (HR66SGQEZ4)";
				COPY_PHASE_STRIP = NO;
				DEBUG_INFORMATION_FORMAT = "dwarf-with-dsym";
				ENABLE_STRICT_OBJC_MSGSEND = YES;
				GCC_NO_COMMON_BLOCKS = YES;
				INFOPLIST_FILE = "bangumi WatchKit Extension/Info.plist";
				IPHONEOS_DEPLOYMENT_TARGET = 8.2;
				LD_RUNPATH_SEARCH_PATHS = "$(inherited) @executable_path/Frameworks @executable_path/../../Frameworks";
				MTL_ENABLE_DEBUG_INFO = NO;
				PRODUCT_BUNDLE_IDENTIFIER = com.HTandL.bgmclient.watchkitapp.watchkitextension;
				PRODUCT_NAME = "${TARGET_NAME}";
				PROVISIONING_PROFILE = "2a05ff44-214f-44d1-85ac-57cd25f0e7a2";
				SDKROOT = watchos;
				SKIP_INSTALL = YES;
				TARGETED_DEVICE_FAMILY = 4;
				WATCHOS_DEPLOYMENT_TARGET = 2.0;
			};
			name = Release;
		};
		47E271821900043300304DED /* Debug */ = {
			isa = XCBuildConfiguration;
			buildSettings = {
				ALWAYS_SEARCH_USER_PATHS = NO;
				CLANG_CXX_LANGUAGE_STANDARD = "gnu++0x";
				CLANG_CXX_LIBRARY = "libc++";
				CLANG_ENABLE_MODULES = YES;
				CLANG_ENABLE_OBJC_ARC = YES;
				CLANG_WARN_BOOL_CONVERSION = YES;
				CLANG_WARN_CONSTANT_CONVERSION = YES;
				CLANG_WARN_DIRECT_OBJC_ISA_USAGE = YES_ERROR;
				CLANG_WARN_EMPTY_BODY = YES;
				CLANG_WARN_ENUM_CONVERSION = YES;
				CLANG_WARN_INT_CONVERSION = YES;
				CLANG_WARN_OBJC_ROOT_CLASS = YES_ERROR;
				CLANG_WARN__DUPLICATE_METHOD_MATCH = YES;
				CODE_SIGN_IDENTITY = "iPhone Distribution: Huang Xingkai (HR66SGQEZ4)";
				"CODE_SIGN_IDENTITY[sdk=iphoneos*]" = "iPhone Distribution: Huang Xingkai (HR66SGQEZ4)";
				COPY_PHASE_STRIP = NO;
				ENABLE_TESTABILITY = YES;
				GCC_C_LANGUAGE_STANDARD = gnu99;
				GCC_DYNAMIC_NO_PIC = NO;
				GCC_OPTIMIZATION_LEVEL = 0;
				GCC_PREPROCESSOR_DEFINITIONS = (
					"DEBUG=1",
					"$(inherited)",
				);
				GCC_SYMBOLS_PRIVATE_EXTERN = NO;
				GCC_WARN_64_TO_32_BIT_CONVERSION = YES;
				GCC_WARN_ABOUT_RETURN_TYPE = YES_ERROR;
				GCC_WARN_UNDECLARED_SELECTOR = YES;
				GCC_WARN_UNINITIALIZED_AUTOS = YES_AGGRESSIVE;
				GCC_WARN_UNUSED_FUNCTION = YES;
				GCC_WARN_UNUSED_VARIABLE = YES;
				IPHONEOS_DEPLOYMENT_TARGET = 8.2;
				ONLY_ACTIVE_ARCH = YES;
				OTHER_LDFLAGS = "-ObjC";
				PROVISIONING_PROFILE = "";
				SDKROOT = iphoneos;
			};
			name = Debug;
		};
		47E271831900043300304DED /* Release */ = {
			isa = XCBuildConfiguration;
			buildSettings = {
				ALWAYS_SEARCH_USER_PATHS = NO;
				CLANG_CXX_LANGUAGE_STANDARD = "gnu++0x";
				CLANG_CXX_LIBRARY = "libc++";
				CLANG_ENABLE_MODULES = YES;
				CLANG_ENABLE_OBJC_ARC = YES;
				CLANG_WARN_BOOL_CONVERSION = YES;
				CLANG_WARN_CONSTANT_CONVERSION = YES;
				CLANG_WARN_DIRECT_OBJC_ISA_USAGE = YES_ERROR;
				CLANG_WARN_EMPTY_BODY = YES;
				CLANG_WARN_ENUM_CONVERSION = YES;
				CLANG_WARN_INT_CONVERSION = YES;
				CLANG_WARN_OBJC_ROOT_CLASS = YES_ERROR;
				CLANG_WARN__DUPLICATE_METHOD_MATCH = YES;
				CODE_SIGN_IDENTITY = "iPhone Distribution: Huang Xingkai (HR66SGQEZ4)";
				"CODE_SIGN_IDENTITY[sdk=iphoneos*]" = "iPhone Distribution: Huang Xingkai (HR66SGQEZ4)";
				COPY_PHASE_STRIP = YES;
				ENABLE_NS_ASSERTIONS = NO;
				GCC_C_LANGUAGE_STANDARD = gnu99;
				GCC_WARN_64_TO_32_BIT_CONVERSION = YES;
				GCC_WARN_ABOUT_RETURN_TYPE = YES_ERROR;
				GCC_WARN_UNDECLARED_SELECTOR = YES;
				GCC_WARN_UNINITIALIZED_AUTOS = YES_AGGRESSIVE;
				GCC_WARN_UNUSED_FUNCTION = YES;
				GCC_WARN_UNUSED_VARIABLE = YES;
				IPHONEOS_DEPLOYMENT_TARGET = 8.2;
				OTHER_LDFLAGS = "-ObjC";
				PROVISIONING_PROFILE = "";
				SDKROOT = iphoneos;
				VALIDATE_PRODUCT = YES;
			};
			name = Release;
		};
		47E271851900043300304DED /* Debug */ = {
			isa = XCBuildConfiguration;
			buildSettings = {
				ASSETCATALOG_COMPILER_APPICON_NAME = AppIcon;
				ASSETCATALOG_COMPILER_LAUNCHIMAGE_NAME = LaunchImage;
				CODE_SIGN_ENTITLEMENTS = bangumi/bangumi.entitlements;
				CODE_SIGN_IDENTITY = "iPhone Distribution: Huang Xingkai (HR66SGQEZ4)";
				"CODE_SIGN_IDENTITY[sdk=iphoneos*]" = "iPhone Distribution: Huang Xingkai (HR66SGQEZ4)";
				FRAMEWORK_SEARCH_PATHS = (
					"$(inherited)",
					/Users/bi119aTe5hXk/Downloads,
					"$(PROJECT_DIR)",
				);
				GCC_PRECOMPILE_PREFIX_HEADER = YES;
				GCC_PREFIX_HEADER = "bangumi/bangumi-Prefix.pch";
				INFOPLIST_FILE = "bangumi/bangumi-Info.plist";
				IPHONEOS_DEPLOYMENT_TARGET = 9.0;
				ONLY_ACTIVE_ARCH = NO;
				OTHER_LDFLAGS = "-ObjC";
				PRODUCT_BUNDLE_IDENTIFIER = com.HTandL.bgmclient;
				PRODUCT_NAME = "$(TARGET_NAME)";
				PROVISIONING_PROFILE = "1ea22b42-b9f9-480e-80f6-c7f8bc6e8c0f";
				TARGETED_DEVICE_FAMILY = "1,2";
				VALID_ARCHS = "armv7 armv7s arm64";
				WRAPPER_EXTENSION = app;
			};
			name = Debug;
		};
		47E271861900043300304DED /* Release */ = {
			isa = XCBuildConfiguration;
			buildSettings = {
				ASSETCATALOG_COMPILER_APPICON_NAME = AppIcon;
				ASSETCATALOG_COMPILER_LAUNCHIMAGE_NAME = LaunchImage;
				CODE_SIGN_ENTITLEMENTS = bangumi/bangumi.entitlements;
				CODE_SIGN_IDENTITY = "iPhone Distribution: Huang Xingkai (HR66SGQEZ4)";
				"CODE_SIGN_IDENTITY[sdk=iphoneos*]" = "iPhone Distribution: Huang Xingkai (HR66SGQEZ4)";
				FRAMEWORK_SEARCH_PATHS = (
					"$(inherited)",
					/Users/bi119aTe5hXk/Downloads,
					"$(PROJECT_DIR)",
				);
				GCC_PRECOMPILE_PREFIX_HEADER = YES;
				GCC_PREFIX_HEADER = "bangumi/bangumi-Prefix.pch";
				INFOPLIST_FILE = "bangumi/bangumi-Info.plist";
				IPHONEOS_DEPLOYMENT_TARGET = 9.0;
				ONLY_ACTIVE_ARCH = NO;
				OTHER_LDFLAGS = "-ObjC";
				PRODUCT_BUNDLE_IDENTIFIER = com.HTandL.bgmclient;
				PRODUCT_NAME = "$(TARGET_NAME)";
				PROVISIONING_PROFILE = "1ea22b42-b9f9-480e-80f6-c7f8bc6e8c0f";
				TARGETED_DEVICE_FAMILY = "1,2";
				VALID_ARCHS = "armv7 armv7s arm64";
				WRAPPER_EXTENSION = app;
			};
			name = Release;
		};
/* End XCBuildConfiguration section */

/* Begin XCConfigurationList section */
		478CEC271B7A2C9600BB2442 /* Build configuration list for PBXNativeTarget "bangumi WatchKit App" */ = {
			isa = XCConfigurationList;
			buildConfigurations = (
				478CEC281B7A2C9600BB2442 /* Debug */,
				478CEC291B7A2C9600BB2442 /* Release */,
			);
			defaultConfigurationIsVisible = 0;
			defaultConfigurationName = Release;
		};
		478CEC2A1B7A2C9600BB2442 /* Build configuration list for PBXNativeTarget "bangumi WatchKit Extension" */ = {
			isa = XCConfigurationList;
			buildConfigurations = (
				478CEC2B1B7A2C9600BB2442 /* Debug */,
				478CEC2C1B7A2C9600BB2442 /* Release */,
			);
			defaultConfigurationIsVisible = 0;
			defaultConfigurationName = Release;
		};
		47E2714A1900043300304DED /* Build configuration list for PBXProject "bangumi" */ = {
			isa = XCConfigurationList;
			buildConfigurations = (
				47E271821900043300304DED /* Debug */,
				47E271831900043300304DED /* Release */,
			);
			defaultConfigurationIsVisible = 0;
			defaultConfigurationName = Release;
		};
		47E271841900043300304DED /* Build configuration list for PBXNativeTarget "bangumi" */ = {
			isa = XCConfigurationList;
			buildConfigurations = (
				47E271851900043300304DED /* Debug */,
				47E271861900043300304DED /* Release */,
			);
			defaultConfigurationIsVisible = 0;
			defaultConfigurationName = Release;
		};
/* End XCConfigurationList section */
	};
	rootObject = 47E271471900043300304DED /* Project object */;
}
